
Microsoft Visual Studio Solution File, Format Version 12.00
# Visual Studio 14
VisualStudioVersion = 14.0.25420.1
MinimumVisualStudioVersion = 10.0.40219.1
Project("{2150E333-8FDC-42A3-9474-1A3956D46DE8}") = "WindowsUniversal", "WindowsUniversal", "{C2048123-AEE4-4041-95A1-AED3B2249851}"
EndProject
Project("{2150E333-8FDC-42A3-9474-1A3956D46DE8}") = "Prototype", "Prototype", "{640F5E74-E38A-488F-9EB5-FF12F353DD55}"
EndProject
Project("{2150E333-8FDC-42A3-9474-1A3956D46DE8}") = "Core", "Core", "{30A0DE16-3B42-4C94-B1D6-A6B2E65D9C58}"
EndProject
Project("{2150E333-8FDC-42A3-9474-1A3956D46DE8}") = "UI", "UI", "{A3245683-3877-400D-B46F-3D7FE5733ADB}"
EndProject
Project("{FAE04EC0-301F-11D3-BF4B-00C04F79EFBC}") = "OmegaGo.Core", "src\Core\OmegaGo.Client.Core\OmegaGo.Core.csproj", "{DAFE0A61-6D7C-4423-8A23-D59D774A8FC2}"
EndProject
Project("{FAE04EC0-301F-11D3-BF4B-00C04F79EFBC}") = "OmegaGo.Core.Tests", "tests\Core\OmegaGo.Client.Core.Tests\OmegaGo.Core.Tests.csproj", "{4C6CFF15-3E8A-4577-879D-76546884124D}"
EndProject
Project("{FAE04EC0-301F-11D3-BF4B-00C04F79EFBC}") = "OmegaGo.UI.WindowsUniversal", "src\UI\WindowsUniversal\OmegaGo.UI.WindowsUniversal\OmegaGo.UI.WindowsUniversal.csproj", "{E10DFC81-FF3C-416A-AEA3-59F4CD63B683}"
EndProject
Project("{FAE04EC0-301F-11D3-BF4B-00C04F79EFBC}") = "OmegaGo.UI.Tests", "tests\UI\OmegaGo.UI.Tests\OmegaGo.UI.Tests.csproj", "{554955AA-605A-4FF5-A509-47BF5E210A33}"
EndProject
Project("{FAE04EC0-301F-11D3-BF4B-00C04F79EFBC}") = "OmegaGo.UI", "src\UI\OmegaGo.UI\OmegaGo.UI.csproj", "{8823DE70-5DC6-4151-84B4-0FC27E83EABD}"
EndProject
Project("{FAE04EC0-301F-11D3-BF4B-00C04F79EFBC}") = "FormsPrototype", "src\Prototype\QuickPrototype\FormsPrototype.csproj", "{4C8C1143-35EA-4007-82F7-6C3CE426B1D9}"
EndProject
Project("{2150E333-8FDC-42A3-9474-1A3956D46DE8}") = "Sideprojects", "Sideprojects", "{CEAFAE59-C161-413C-8F32-9B2E1DC0DFEF}"
EndProject
Project("{FAE04EC0-301F-11D3-BF4B-00C04F79EFBC}") = "IgsPopulationDiscovery", "src\Sideprojects\IgsPopulationDiscovery\IgsPopulationDiscovery.csproj", "{C74C218D-8499-4E5A-AC6A-A782FE743A23}"
EndProject
Project("{2150E333-8FDC-42A3-9474-1A3956D46DE8}") = "Docs", "Docs", "{20954D73-CABB-4CC6-9F37-5706EFDFBA31}"
EndProject
Project("{FAE04EC0-301F-11D3-BF4B-00C04F79EFBC}") = "Docs", "..\Docs\Docs.csproj", "{AA5DE2F1-3138-46BA-8C4A-4AF1D854DBB9}"
EndProject
Project("{FAE04EC0-301F-11D3-BF4B-00C04F79EFBC}") = "OmegaGo.UI.Localization", "src\UI\OmegaGo.UI.Localization\OmegaGo.UI.Localization.csproj", "{E81A29F8-6942-4E1E-A27C-524FA68CEBAE}"
EndProject
Project("{2150E333-8FDC-42A3-9474-1A3956D46DE8}") = "Sgf", "Sgf", "{47723589-F132-46E7-99AB-122D46B8738A}"
EndProject
Project("{FAE04EC0-301F-11D3-BF4B-00C04F79EFBC}") = "SgfConsoleParser", "src\Sideprojects\Sgf\SgfConsoleParser\SgfConsoleParser.csproj", "{308B4C90-2FDB-4EFC-853D-9C1AC92D2C39}"
EndProject
Project("{FAE04EC0-301F-11D3-BF4B-00C04F79EFBC}") = "OmegaGo.UI.WindowsUniversal.Tests", "tests\UI\WindowsUniversal\OmegaGo.UI.WindowsUniversal.Tests\OmegaGo.UI.WindowsUniversal.Tests.csproj", "{FA0CE288-64C4-44FD-83BF-A2ADE58B5467}"
EndProject
Project("{2150E333-8FDC-42A3-9474-1A3956D46DE8}") = "Fuego", "Fuego", "{294376DC-9D57-42DD-AB5E-A656F1886B3A}"
EndProject
Project("{FAE04EC0-301F-11D3-BF4B-00C04F79EFBC}") = "FormsFuego", "src\Prototype\FormsFuego\FormsFuego.csproj", "{59468521-149E-45D5-AC96-1AD10734E96F}"
EndProject
Project("{8BC9CEB8-8B4A-11D0-8D11-00A0C91BC942}") = "FuegoUniversalComponent", "src\Sideprojects\Fuego\FuegoUniversalComponent.vcxproj", "{3E7497AC-B68F-4EE0-ABB1-79874A897514}"
EndProject
Project("{FAE04EC0-301F-11D3-BF4B-00C04F79EFBC}") = "OmegaGo.UI.Fuego", "src\UI\WindowsUniversal\OmegaGo.UI.Fuego\OmegaGo.UI.Fuego.csproj", "{7A8582E3-6E4B-4E4E-A6E3-925B2CC2D882}"
EndProject
Project("{D954291E-2A0B-460D-934E-DC6B0785DB48}") = "OmegaGo.UI.WindowsUniversal.BoostLibraries", "src\UI\WindowsUniversal\OmegaGo.UI.WindowsUniversal.BoostLibraries\OmegaGo.UI.WindowsUniversal.BoostLibraries.shproj", "{388A5397-49B6-4D26-B83D-48A3DC5E316C}"
EndProject
Project("{2150E333-8FDC-42A3-9474-1A3956D46DE8}") = "LocalizerGenerator", "LocalizerGenerator", "{5A3DEF89-E782-467E-8D17-31A200256CAB}"
EndProject
Project("{FAE04EC0-301F-11D3-BF4B-00C04F79EFBC}") = "LocalizerGenerator", "src\Sideprojects\LocalizerGenerator\LocalizerGenerator\LocalizerGenerator.csproj", "{C88156DE-6579-418C-8869-DCEACB70E35B}"
EndProject
Global
	GlobalSection(SharedMSBuildProjectFiles) = preSolution
		src\UI\WindowsUniversal\OmegaGo.UI.WindowsUniversal.BoostLibraries\OmegaGo.UI.WindowsUniversal.BoostLibraries.projitems*{388a5397-49b6-4d26-b83d-48a3dc5e316c}*SharedItemsImports = 13
		src\UI\WindowsUniversal\OmegaGo.UI.WindowsUniversal.BoostLibraries\OmegaGo.UI.WindowsUniversal.BoostLibraries.projitems*{e10dfc81-ff3c-416a-aea3-59f4cd63b683}*SharedItemsImports = 4
	EndGlobalSection
	GlobalSection(SolutionConfigurationPlatforms) = preSolution
		Debug|Any CPU = Debug|Any CPU
		Debug|ARM = Debug|ARM
		Debug|x64 = Debug|x64
		Debug|x86 = Debug|x86
		DebugWithoutFuego|Any CPU = DebugWithoutFuego|Any CPU
		DebugWithoutFuego|ARM = DebugWithoutFuego|ARM
		DebugWithoutFuego|x64 = DebugWithoutFuego|x64
		DebugWithoutFuego|x86 = DebugWithoutFuego|x86
		Release|Any CPU = Release|Any CPU
		Release|ARM = Release|ARM
		Release|x64 = Release|x64
		Release|x86 = Release|x86
	EndGlobalSection
	GlobalSection(ProjectConfigurationPlatforms) = postSolution
		{DAFE0A61-6D7C-4423-8A23-D59D774A8FC2}.Debug|Any CPU.ActiveCfg = Debug|Any CPU
		{DAFE0A61-6D7C-4423-8A23-D59D774A8FC2}.Debug|Any CPU.Build.0 = Debug|Any CPU
		{DAFE0A61-6D7C-4423-8A23-D59D774A8FC2}.Debug|ARM.ActiveCfg = Debug|Any CPU
		{DAFE0A61-6D7C-4423-8A23-D59D774A8FC2}.Debug|ARM.Build.0 = Debug|Any CPU
		{DAFE0A61-6D7C-4423-8A23-D59D774A8FC2}.Debug|x64.ActiveCfg = Debug|Any CPU
		{DAFE0A61-6D7C-4423-8A23-D59D774A8FC2}.Debug|x64.Build.0 = Debug|Any CPU
		{DAFE0A61-6D7C-4423-8A23-D59D774A8FC2}.Debug|x86.ActiveCfg = Debug|Any CPU
		{DAFE0A61-6D7C-4423-8A23-D59D774A8FC2}.Debug|x86.Build.0 = Debug|Any CPU
		{DAFE0A61-6D7C-4423-8A23-D59D774A8FC2}.DebugWithoutFuego|Any CPU.ActiveCfg = DebugWithoutFuego|Any CPU
		{DAFE0A61-6D7C-4423-8A23-D59D774A8FC2}.DebugWithoutFuego|Any CPU.Build.0 = DebugWithoutFuego|Any CPU
		{DAFE0A61-6D7C-4423-8A23-D59D774A8FC2}.DebugWithoutFuego|ARM.ActiveCfg = DebugWithoutFuego|Any CPU
		{DAFE0A61-6D7C-4423-8A23-D59D774A8FC2}.DebugWithoutFuego|ARM.Build.0 = DebugWithoutFuego|Any CPU
		{DAFE0A61-6D7C-4423-8A23-D59D774A8FC2}.DebugWithoutFuego|x64.ActiveCfg = DebugWithoutFuego|Any CPU
		{DAFE0A61-6D7C-4423-8A23-D59D774A8FC2}.DebugWithoutFuego|x64.Build.0 = DebugWithoutFuego|Any CPU
		{DAFE0A61-6D7C-4423-8A23-D59D774A8FC2}.DebugWithoutFuego|x86.ActiveCfg = DebugWithoutFuego|Any CPU
		{DAFE0A61-6D7C-4423-8A23-D59D774A8FC2}.DebugWithoutFuego|x86.Build.0 = DebugWithoutFuego|Any CPU
		{DAFE0A61-6D7C-4423-8A23-D59D774A8FC2}.Release|Any CPU.ActiveCfg = Release|Any CPU
		{DAFE0A61-6D7C-4423-8A23-D59D774A8FC2}.Release|Any CPU.Build.0 = Release|Any CPU
		{DAFE0A61-6D7C-4423-8A23-D59D774A8FC2}.Release|ARM.ActiveCfg = Release|Any CPU
		{DAFE0A61-6D7C-4423-8A23-D59D774A8FC2}.Release|ARM.Build.0 = Release|Any CPU
		{DAFE0A61-6D7C-4423-8A23-D59D774A8FC2}.Release|x64.ActiveCfg = Release|Any CPU
		{DAFE0A61-6D7C-4423-8A23-D59D774A8FC2}.Release|x64.Build.0 = Release|Any CPU
		{DAFE0A61-6D7C-4423-8A23-D59D774A8FC2}.Release|x86.ActiveCfg = Release|Any CPU
		{DAFE0A61-6D7C-4423-8A23-D59D774A8FC2}.Release|x86.Build.0 = Release|Any CPU
		{4C6CFF15-3E8A-4577-879D-76546884124D}.Debug|Any CPU.ActiveCfg = Debug|Any CPU
		{4C6CFF15-3E8A-4577-879D-76546884124D}.Debug|Any CPU.Build.0 = Debug|Any CPU
		{4C6CFF15-3E8A-4577-879D-76546884124D}.Debug|ARM.ActiveCfg = Debug|Any CPU
		{4C6CFF15-3E8A-4577-879D-76546884124D}.Debug|ARM.Build.0 = Debug|Any CPU
		{4C6CFF15-3E8A-4577-879D-76546884124D}.Debug|x64.ActiveCfg = Debug|Any CPU
		{4C6CFF15-3E8A-4577-879D-76546884124D}.Debug|x64.Build.0 = Debug|Any CPU
		{4C6CFF15-3E8A-4577-879D-76546884124D}.Debug|x86.ActiveCfg = Debug|Any CPU
		{4C6CFF15-3E8A-4577-879D-76546884124D}.Debug|x86.Build.0 = Debug|Any CPU
		{4C6CFF15-3E8A-4577-879D-76546884124D}.DebugWithoutFuego|Any CPU.ActiveCfg = DebugWithoutFuego|Any CPU
		{4C6CFF15-3E8A-4577-879D-76546884124D}.DebugWithoutFuego|Any CPU.Build.0 = DebugWithoutFuego|Any CPU
		{4C6CFF15-3E8A-4577-879D-76546884124D}.DebugWithoutFuego|ARM.ActiveCfg = DebugWithoutFuego|Any CPU
		{4C6CFF15-3E8A-4577-879D-76546884124D}.DebugWithoutFuego|ARM.Build.0 = DebugWithoutFuego|Any CPU
		{4C6CFF15-3E8A-4577-879D-76546884124D}.DebugWithoutFuego|x64.ActiveCfg = DebugWithoutFuego|Any CPU
		{4C6CFF15-3E8A-4577-879D-76546884124D}.DebugWithoutFuego|x64.Build.0 = DebugWithoutFuego|Any CPU
		{4C6CFF15-3E8A-4577-879D-76546884124D}.DebugWithoutFuego|x86.ActiveCfg = DebugWithoutFuego|Any CPU
		{4C6CFF15-3E8A-4577-879D-76546884124D}.DebugWithoutFuego|x86.Build.0 = DebugWithoutFuego|Any CPU
		{4C6CFF15-3E8A-4577-879D-76546884124D}.Release|Any CPU.ActiveCfg = Release|Any CPU
		{4C6CFF15-3E8A-4577-879D-76546884124D}.Release|Any CPU.Build.0 = Release|Any CPU
		{4C6CFF15-3E8A-4577-879D-76546884124D}.Release|ARM.ActiveCfg = Release|Any CPU
		{4C6CFF15-3E8A-4577-879D-76546884124D}.Release|ARM.Build.0 = Release|Any CPU
		{4C6CFF15-3E8A-4577-879D-76546884124D}.Release|x64.ActiveCfg = Release|Any CPU
		{4C6CFF15-3E8A-4577-879D-76546884124D}.Release|x64.Build.0 = Release|Any CPU
		{4C6CFF15-3E8A-4577-879D-76546884124D}.Release|x86.ActiveCfg = Release|Any CPU
		{4C6CFF15-3E8A-4577-879D-76546884124D}.Release|x86.Build.0 = Release|Any CPU
		{E10DFC81-FF3C-416A-AEA3-59F4CD63B683}.Debug|Any CPU.ActiveCfg = Debug|x86
		{E10DFC81-FF3C-416A-AEA3-59F4CD63B683}.Debug|ARM.ActiveCfg = Debug|ARM
		{E10DFC81-FF3C-416A-AEA3-59F4CD63B683}.Debug|ARM.Build.0 = Debug|ARM
		{E10DFC81-FF3C-416A-AEA3-59F4CD63B683}.Debug|ARM.Deploy.0 = Debug|ARM
		{E10DFC81-FF3C-416A-AEA3-59F4CD63B683}.Debug|x64.ActiveCfg = Debug|x64
		{E10DFC81-FF3C-416A-AEA3-59F4CD63B683}.Debug|x64.Build.0 = Debug|x64
		{E10DFC81-FF3C-416A-AEA3-59F4CD63B683}.Debug|x64.Deploy.0 = Debug|x64
		{E10DFC81-FF3C-416A-AEA3-59F4CD63B683}.Debug|x86.ActiveCfg = Debug|x86
		{E10DFC81-FF3C-416A-AEA3-59F4CD63B683}.Debug|x86.Build.0 = Debug|x86
		{E10DFC81-FF3C-416A-AEA3-59F4CD63B683}.Debug|x86.Deploy.0 = Debug|x86
		{E10DFC81-FF3C-416A-AEA3-59F4CD63B683}.DebugWithoutFuego|Any CPU.ActiveCfg = DebugWithoutFuego|x86
		{E10DFC81-FF3C-416A-AEA3-59F4CD63B683}.DebugWithoutFuego|ARM.ActiveCfg = DebugWithoutFuego|ARM
		{E10DFC81-FF3C-416A-AEA3-59F4CD63B683}.DebugWithoutFuego|ARM.Build.0 = DebugWithoutFuego|ARM
		{E10DFC81-FF3C-416A-AEA3-59F4CD63B683}.DebugWithoutFuego|ARM.Deploy.0 = DebugWithoutFuego|ARM
		{E10DFC81-FF3C-416A-AEA3-59F4CD63B683}.DebugWithoutFuego|x64.ActiveCfg = DebugWithoutFuego|x64
		{E10DFC81-FF3C-416A-AEA3-59F4CD63B683}.DebugWithoutFuego|x64.Build.0 = DebugWithoutFuego|x64
		{E10DFC81-FF3C-416A-AEA3-59F4CD63B683}.DebugWithoutFuego|x64.Deploy.0 = DebugWithoutFuego|x64
		{E10DFC81-FF3C-416A-AEA3-59F4CD63B683}.DebugWithoutFuego|x86.ActiveCfg = DebugWithoutFuego|x86
		{E10DFC81-FF3C-416A-AEA3-59F4CD63B683}.DebugWithoutFuego|x86.Build.0 = DebugWithoutFuego|x86
		{E10DFC81-FF3C-416A-AEA3-59F4CD63B683}.DebugWithoutFuego|x86.Deploy.0 = DebugWithoutFuego|x86
		{E10DFC81-FF3C-416A-AEA3-59F4CD63B683}.Release|Any CPU.ActiveCfg = Release|x86
		{E10DFC81-FF3C-416A-AEA3-59F4CD63B683}.Release|ARM.ActiveCfg = Release|ARM
		{E10DFC81-FF3C-416A-AEA3-59F4CD63B683}.Release|ARM.Build.0 = Release|ARM
		{E10DFC81-FF3C-416A-AEA3-59F4CD63B683}.Release|ARM.Deploy.0 = Release|ARM
		{E10DFC81-FF3C-416A-AEA3-59F4CD63B683}.Release|x64.ActiveCfg = Release|x64
		{E10DFC81-FF3C-416A-AEA3-59F4CD63B683}.Release|x64.Build.0 = Release|x64
		{E10DFC81-FF3C-416A-AEA3-59F4CD63B683}.Release|x64.Deploy.0 = Release|x64
		{E10DFC81-FF3C-416A-AEA3-59F4CD63B683}.Release|x86.ActiveCfg = Release|x86
		{E10DFC81-FF3C-416A-AEA3-59F4CD63B683}.Release|x86.Build.0 = Release|x86
		{E10DFC81-FF3C-416A-AEA3-59F4CD63B683}.Release|x86.Deploy.0 = Release|x86
		{554955AA-605A-4FF5-A509-47BF5E210A33}.Debug|Any CPU.ActiveCfg = Debug|Any CPU
		{554955AA-605A-4FF5-A509-47BF5E210A33}.Debug|Any CPU.Build.0 = Debug|Any CPU
		{554955AA-605A-4FF5-A509-47BF5E210A33}.Debug|ARM.ActiveCfg = Debug|Any CPU
		{554955AA-605A-4FF5-A509-47BF5E210A33}.Debug|ARM.Build.0 = Debug|Any CPU
		{554955AA-605A-4FF5-A509-47BF5E210A33}.Debug|x64.ActiveCfg = Debug|Any CPU
		{554955AA-605A-4FF5-A509-47BF5E210A33}.Debug|x64.Build.0 = Debug|Any CPU
		{554955AA-605A-4FF5-A509-47BF5E210A33}.Debug|x86.ActiveCfg = Debug|Any CPU
		{554955AA-605A-4FF5-A509-47BF5E210A33}.Debug|x86.Build.0 = Debug|Any CPU
		{554955AA-605A-4FF5-A509-47BF5E210A33}.DebugWithoutFuego|Any CPU.ActiveCfg = DebugWithoutFuego|Any CPU
		{554955AA-605A-4FF5-A509-47BF5E210A33}.DebugWithoutFuego|Any CPU.Build.0 = DebugWithoutFuego|Any CPU
		{554955AA-605A-4FF5-A509-47BF5E210A33}.DebugWithoutFuego|ARM.ActiveCfg = DebugWithoutFuego|Any CPU
		{554955AA-605A-4FF5-A509-47BF5E210A33}.DebugWithoutFuego|ARM.Build.0 = DebugWithoutFuego|Any CPU
		{554955AA-605A-4FF5-A509-47BF5E210A33}.DebugWithoutFuego|x64.ActiveCfg = DebugWithoutFuego|Any CPU
		{554955AA-605A-4FF5-A509-47BF5E210A33}.DebugWithoutFuego|x64.Build.0 = DebugWithoutFuego|Any CPU
		{554955AA-605A-4FF5-A509-47BF5E210A33}.DebugWithoutFuego|x86.ActiveCfg = DebugWithoutFuego|Any CPU
		{554955AA-605A-4FF5-A509-47BF5E210A33}.DebugWithoutFuego|x86.Build.0 = DebugWithoutFuego|Any CPU
		{554955AA-605A-4FF5-A509-47BF5E210A33}.Release|Any CPU.ActiveCfg = Release|Any CPU
		{554955AA-605A-4FF5-A509-47BF5E210A33}.Release|Any CPU.Build.0 = Release|Any CPU
		{554955AA-605A-4FF5-A509-47BF5E210A33}.Release|ARM.ActiveCfg = Release|Any CPU
		{554955AA-605A-4FF5-A509-47BF5E210A33}.Release|ARM.Build.0 = Release|Any CPU
		{554955AA-605A-4FF5-A509-47BF5E210A33}.Release|x64.ActiveCfg = Release|Any CPU
		{554955AA-605A-4FF5-A509-47BF5E210A33}.Release|x64.Build.0 = Release|Any CPU
		{554955AA-605A-4FF5-A509-47BF5E210A33}.Release|x86.ActiveCfg = Release|Any CPU
		{554955AA-605A-4FF5-A509-47BF5E210A33}.Release|x86.Build.0 = Release|Any CPU
		{8823DE70-5DC6-4151-84B4-0FC27E83EABD}.Debug|Any CPU.ActiveCfg = Debug|Any CPU
		{8823DE70-5DC6-4151-84B4-0FC27E83EABD}.Debug|Any CPU.Build.0 = Debug|Any CPU
		{8823DE70-5DC6-4151-84B4-0FC27E83EABD}.Debug|ARM.ActiveCfg = Debug|Any CPU
		{8823DE70-5DC6-4151-84B4-0FC27E83EABD}.Debug|ARM.Build.0 = Debug|Any CPU
		{8823DE70-5DC6-4151-84B4-0FC27E83EABD}.Debug|x64.ActiveCfg = Debug|Any CPU
		{8823DE70-5DC6-4151-84B4-0FC27E83EABD}.Debug|x64.Build.0 = Debug|Any CPU
		{8823DE70-5DC6-4151-84B4-0FC27E83EABD}.Debug|x86.ActiveCfg = Debug|Any CPU
		{8823DE70-5DC6-4151-84B4-0FC27E83EABD}.Debug|x86.Build.0 = Debug|Any CPU
		{8823DE70-5DC6-4151-84B4-0FC27E83EABD}.DebugWithoutFuego|Any CPU.ActiveCfg = DebugWithoutFuego|Any CPU
		{8823DE70-5DC6-4151-84B4-0FC27E83EABD}.DebugWithoutFuego|Any CPU.Build.0 = DebugWithoutFuego|Any CPU
		{8823DE70-5DC6-4151-84B4-0FC27E83EABD}.DebugWithoutFuego|ARM.ActiveCfg = DebugWithoutFuego|Any CPU
		{8823DE70-5DC6-4151-84B4-0FC27E83EABD}.DebugWithoutFuego|ARM.Build.0 = DebugWithoutFuego|Any CPU
		{8823DE70-5DC6-4151-84B4-0FC27E83EABD}.DebugWithoutFuego|x64.ActiveCfg = DebugWithoutFuego|Any CPU
		{8823DE70-5DC6-4151-84B4-0FC27E83EABD}.DebugWithoutFuego|x64.Build.0 = DebugWithoutFuego|Any CPU
		{8823DE70-5DC6-4151-84B4-0FC27E83EABD}.DebugWithoutFuego|x86.ActiveCfg = DebugWithoutFuego|Any CPU
		{8823DE70-5DC6-4151-84B4-0FC27E83EABD}.DebugWithoutFuego|x86.Build.0 = DebugWithoutFuego|Any CPU
		{8823DE70-5DC6-4151-84B4-0FC27E83EABD}.Release|Any CPU.ActiveCfg = Release|Any CPU
		{8823DE70-5DC6-4151-84B4-0FC27E83EABD}.Release|Any CPU.Build.0 = Release|Any CPU
		{8823DE70-5DC6-4151-84B4-0FC27E83EABD}.Release|ARM.ActiveCfg = Release|Any CPU
		{8823DE70-5DC6-4151-84B4-0FC27E83EABD}.Release|ARM.Build.0 = Release|Any CPU
		{8823DE70-5DC6-4151-84B4-0FC27E83EABD}.Release|x64.ActiveCfg = Release|Any CPU
		{8823DE70-5DC6-4151-84B4-0FC27E83EABD}.Release|x64.Build.0 = Release|Any CPU
		{8823DE70-5DC6-4151-84B4-0FC27E83EABD}.Release|x86.ActiveCfg = Release|Any CPU
		{8823DE70-5DC6-4151-84B4-0FC27E83EABD}.Release|x86.Build.0 = Release|Any CPU
		{4C8C1143-35EA-4007-82F7-6C3CE426B1D9}.Debug|Any CPU.ActiveCfg = Debug|Any CPU
		{4C8C1143-35EA-4007-82F7-6C3CE426B1D9}.Debug|Any CPU.Build.0 = Debug|Any CPU
		{4C8C1143-35EA-4007-82F7-6C3CE426B1D9}.Debug|ARM.ActiveCfg = Debug|Any CPU
		{4C8C1143-35EA-4007-82F7-6C3CE426B1D9}.Debug|ARM.Build.0 = Debug|Any CPU
		{4C8C1143-35EA-4007-82F7-6C3CE426B1D9}.Debug|x64.ActiveCfg = Debug|Any CPU
		{4C8C1143-35EA-4007-82F7-6C3CE426B1D9}.Debug|x64.Build.0 = Debug|Any CPU
		{4C8C1143-35EA-4007-82F7-6C3CE426B1D9}.Debug|x86.ActiveCfg = Debug|Any CPU
		{4C8C1143-35EA-4007-82F7-6C3CE426B1D9}.Debug|x86.Build.0 = Debug|Any CPU
		{4C8C1143-35EA-4007-82F7-6C3CE426B1D9}.DebugWithoutFuego|Any CPU.ActiveCfg = DebugWithoutFuego|Any CPU
		{4C8C1143-35EA-4007-82F7-6C3CE426B1D9}.DebugWithoutFuego|Any CPU.Build.0 = DebugWithoutFuego|Any CPU
		{4C8C1143-35EA-4007-82F7-6C3CE426B1D9}.DebugWithoutFuego|ARM.ActiveCfg = DebugWithoutFuego|Any CPU
		{4C8C1143-35EA-4007-82F7-6C3CE426B1D9}.DebugWithoutFuego|ARM.Build.0 = DebugWithoutFuego|Any CPU
		{4C8C1143-35EA-4007-82F7-6C3CE426B1D9}.DebugWithoutFuego|x64.ActiveCfg = DebugWithoutFuego|Any CPU
		{4C8C1143-35EA-4007-82F7-6C3CE426B1D9}.DebugWithoutFuego|x64.Build.0 = DebugWithoutFuego|Any CPU
		{4C8C1143-35EA-4007-82F7-6C3CE426B1D9}.DebugWithoutFuego|x86.ActiveCfg = DebugWithoutFuego|Any CPU
		{4C8C1143-35EA-4007-82F7-6C3CE426B1D9}.DebugWithoutFuego|x86.Build.0 = DebugWithoutFuego|Any CPU
		{4C8C1143-35EA-4007-82F7-6C3CE426B1D9}.Release|Any CPU.ActiveCfg = Release|Any CPU
		{4C8C1143-35EA-4007-82F7-6C3CE426B1D9}.Release|Any CPU.Build.0 = Release|Any CPU
		{4C8C1143-35EA-4007-82F7-6C3CE426B1D9}.Release|ARM.ActiveCfg = Release|Any CPU
		{4C8C1143-35EA-4007-82F7-6C3CE426B1D9}.Release|ARM.Build.0 = Release|Any CPU
		{4C8C1143-35EA-4007-82F7-6C3CE426B1D9}.Release|x64.ActiveCfg = Release|Any CPU
		{4C8C1143-35EA-4007-82F7-6C3CE426B1D9}.Release|x64.Build.0 = Release|Any CPU
		{4C8C1143-35EA-4007-82F7-6C3CE426B1D9}.Release|x86.ActiveCfg = Release|Any CPU
		{4C8C1143-35EA-4007-82F7-6C3CE426B1D9}.Release|x86.Build.0 = Release|Any CPU
		{C74C218D-8499-4E5A-AC6A-A782FE743A23}.Debug|Any CPU.ActiveCfg = Debug|Any CPU
		{C74C218D-8499-4E5A-AC6A-A782FE743A23}.Debug|Any CPU.Build.0 = Debug|Any CPU
		{C74C218D-8499-4E5A-AC6A-A782FE743A23}.Debug|ARM.ActiveCfg = Debug|Any CPU
		{C74C218D-8499-4E5A-AC6A-A782FE743A23}.Debug|ARM.Build.0 = Debug|Any CPU
		{C74C218D-8499-4E5A-AC6A-A782FE743A23}.Debug|x64.ActiveCfg = Debug|Any CPU
		{C74C218D-8499-4E5A-AC6A-A782FE743A23}.Debug|x64.Build.0 = Debug|Any CPU
		{C74C218D-8499-4E5A-AC6A-A782FE743A23}.Debug|x86.ActiveCfg = Debug|Any CPU
		{C74C218D-8499-4E5A-AC6A-A782FE743A23}.Debug|x86.Build.0 = Debug|Any CPU
		{C74C218D-8499-4E5A-AC6A-A782FE743A23}.DebugWithoutFuego|Any CPU.ActiveCfg = Debug|Any CPU
		{C74C218D-8499-4E5A-AC6A-A782FE743A23}.DebugWithoutFuego|ARM.ActiveCfg = Debug|Any CPU
		{C74C218D-8499-4E5A-AC6A-A782FE743A23}.DebugWithoutFuego|x64.ActiveCfg = Debug|Any CPU
		{C74C218D-8499-4E5A-AC6A-A782FE743A23}.DebugWithoutFuego|x86.ActiveCfg = Debug|Any CPU
		{C74C218D-8499-4E5A-AC6A-A782FE743A23}.Release|Any CPU.ActiveCfg = Release|Any CPU
		{C74C218D-8499-4E5A-AC6A-A782FE743A23}.Release|Any CPU.Build.0 = Release|Any CPU
		{C74C218D-8499-4E5A-AC6A-A782FE743A23}.Release|ARM.ActiveCfg = Release|Any CPU
		{C74C218D-8499-4E5A-AC6A-A782FE743A23}.Release|ARM.Build.0 = Release|Any CPU
		{C74C218D-8499-4E5A-AC6A-A782FE743A23}.Release|x64.ActiveCfg = Release|Any CPU
		{C74C218D-8499-4E5A-AC6A-A782FE743A23}.Release|x64.Build.0 = Release|Any CPU
		{C74C218D-8499-4E5A-AC6A-A782FE743A23}.Release|x86.ActiveCfg = Release|Any CPU
		{C74C218D-8499-4E5A-AC6A-A782FE743A23}.Release|x86.Build.0 = Release|Any CPU
		{AA5DE2F1-3138-46BA-8C4A-4AF1D854DBB9}.Debug|Any CPU.ActiveCfg = Debug|Any CPU
		{AA5DE2F1-3138-46BA-8C4A-4AF1D854DBB9}.Debug|ARM.ActiveCfg = Debug|Any CPU
		{AA5DE2F1-3138-46BA-8C4A-4AF1D854DBB9}.Debug|x64.ActiveCfg = Debug|Any CPU
		{AA5DE2F1-3138-46BA-8C4A-4AF1D854DBB9}.Debug|x86.ActiveCfg = Debug|Any CPU
		{AA5DE2F1-3138-46BA-8C4A-4AF1D854DBB9}.DebugWithoutFuego|Any CPU.ActiveCfg = DebugWithoutFuego|Any CPU
		{AA5DE2F1-3138-46BA-8C4A-4AF1D854DBB9}.DebugWithoutFuego|ARM.ActiveCfg = DebugWithoutFuego|Any CPU
		{AA5DE2F1-3138-46BA-8C4A-4AF1D854DBB9}.DebugWithoutFuego|x64.ActiveCfg = DebugWithoutFuego|Any CPU
		{AA5DE2F1-3138-46BA-8C4A-4AF1D854DBB9}.DebugWithoutFuego|x86.ActiveCfg = DebugWithoutFuego|Any CPU
		{AA5DE2F1-3138-46BA-8C4A-4AF1D854DBB9}.Release|Any CPU.ActiveCfg = Release|Any CPU
		{AA5DE2F1-3138-46BA-8C4A-4AF1D854DBB9}.Release|ARM.ActiveCfg = Release|Any CPU
		{AA5DE2F1-3138-46BA-8C4A-4AF1D854DBB9}.Release|x64.ActiveCfg = Release|Any CPU
		{AA5DE2F1-3138-46BA-8C4A-4AF1D854DBB9}.Release|x86.ActiveCfg = Release|Any CPU
		{E81A29F8-6942-4E1E-A27C-524FA68CEBAE}.Debug|Any CPU.ActiveCfg = Debug|Any CPU
		{E81A29F8-6942-4E1E-A27C-524FA68CEBAE}.Debug|Any CPU.Build.0 = Debug|Any CPU
		{E81A29F8-6942-4E1E-A27C-524FA68CEBAE}.Debug|ARM.ActiveCfg = Debug|Any CPU
		{E81A29F8-6942-4E1E-A27C-524FA68CEBAE}.Debug|ARM.Build.0 = Debug|Any CPU
		{E81A29F8-6942-4E1E-A27C-524FA68CEBAE}.Debug|x64.ActiveCfg = Debug|Any CPU
		{E81A29F8-6942-4E1E-A27C-524FA68CEBAE}.Debug|x64.Build.0 = Debug|Any CPU
		{E81A29F8-6942-4E1E-A27C-524FA68CEBAE}.Debug|x86.ActiveCfg = Debug|Any CPU
		{E81A29F8-6942-4E1E-A27C-524FA68CEBAE}.Debug|x86.Build.0 = Debug|Any CPU
		{E81A29F8-6942-4E1E-A27C-524FA68CEBAE}.DebugWithoutFuego|Any CPU.ActiveCfg = DebugWithoutFuego|Any CPU
		{E81A29F8-6942-4E1E-A27C-524FA68CEBAE}.DebugWithoutFuego|Any CPU.Build.0 = DebugWithoutFuego|Any CPU
		{E81A29F8-6942-4E1E-A27C-524FA68CEBAE}.DebugWithoutFuego|ARM.ActiveCfg = DebugWithoutFuego|Any CPU
		{E81A29F8-6942-4E1E-A27C-524FA68CEBAE}.DebugWithoutFuego|ARM.Build.0 = DebugWithoutFuego|Any CPU
		{E81A29F8-6942-4E1E-A27C-524FA68CEBAE}.DebugWithoutFuego|x64.ActiveCfg = DebugWithoutFuego|Any CPU
		{E81A29F8-6942-4E1E-A27C-524FA68CEBAE}.DebugWithoutFuego|x64.Build.0 = DebugWithoutFuego|Any CPU
		{E81A29F8-6942-4E1E-A27C-524FA68CEBAE}.DebugWithoutFuego|x86.ActiveCfg = DebugWithoutFuego|Any CPU
		{E81A29F8-6942-4E1E-A27C-524FA68CEBAE}.DebugWithoutFuego|x86.Build.0 = DebugWithoutFuego|Any CPU
		{E81A29F8-6942-4E1E-A27C-524FA68CEBAE}.Release|Any CPU.ActiveCfg = Release|Any CPU
		{E81A29F8-6942-4E1E-A27C-524FA68CEBAE}.Release|Any CPU.Build.0 = Release|Any CPU
		{E81A29F8-6942-4E1E-A27C-524FA68CEBAE}.Release|ARM.ActiveCfg = Release|Any CPU
		{E81A29F8-6942-4E1E-A27C-524FA68CEBAE}.Release|ARM.Build.0 = Release|Any CPU
		{E81A29F8-6942-4E1E-A27C-524FA68CEBAE}.Release|x64.ActiveCfg = Release|Any CPU
		{E81A29F8-6942-4E1E-A27C-524FA68CEBAE}.Release|x64.Build.0 = Release|Any CPU
		{E81A29F8-6942-4E1E-A27C-524FA68CEBAE}.Release|x86.ActiveCfg = Release|Any CPU
		{E81A29F8-6942-4E1E-A27C-524FA68CEBAE}.Release|x86.Build.0 = Release|Any CPU
		{308B4C90-2FDB-4EFC-853D-9C1AC92D2C39}.Debug|Any CPU.ActiveCfg = Debug|Any CPU
		{308B4C90-2FDB-4EFC-853D-9C1AC92D2C39}.Debug|Any CPU.Build.0 = Debug|Any CPU
		{308B4C90-2FDB-4EFC-853D-9C1AC92D2C39}.Debug|ARM.ActiveCfg = Debug|Any CPU
		{308B4C90-2FDB-4EFC-853D-9C1AC92D2C39}.Debug|ARM.Build.0 = Debug|Any CPU
		{308B4C90-2FDB-4EFC-853D-9C1AC92D2C39}.Debug|x64.ActiveCfg = Debug|Any CPU
		{308B4C90-2FDB-4EFC-853D-9C1AC92D2C39}.Debug|x64.Build.0 = Debug|Any CPU
		{308B4C90-2FDB-4EFC-853D-9C1AC92D2C39}.Debug|x86.ActiveCfg = Debug|Any CPU
		{308B4C90-2FDB-4EFC-853D-9C1AC92D2C39}.Debug|x86.Build.0 = Debug|Any CPU
		{308B4C90-2FDB-4EFC-853D-9C1AC92D2C39}.DebugWithoutFuego|Any CPU.ActiveCfg = DebugWithoutFuego|Any CPU
		{308B4C90-2FDB-4EFC-853D-9C1AC92D2C39}.DebugWithoutFuego|Any CPU.Build.0 = DebugWithoutFuego|Any CPU
		{308B4C90-2FDB-4EFC-853D-9C1AC92D2C39}.DebugWithoutFuego|ARM.ActiveCfg = DebugWithoutFuego|Any CPU
		{308B4C90-2FDB-4EFC-853D-9C1AC92D2C39}.DebugWithoutFuego|ARM.Build.0 = DebugWithoutFuego|Any CPU
		{308B4C90-2FDB-4EFC-853D-9C1AC92D2C39}.DebugWithoutFuego|x64.ActiveCfg = DebugWithoutFuego|Any CPU
		{308B4C90-2FDB-4EFC-853D-9C1AC92D2C39}.DebugWithoutFuego|x64.Build.0 = DebugWithoutFuego|Any CPU
		{308B4C90-2FDB-4EFC-853D-9C1AC92D2C39}.DebugWithoutFuego|x86.ActiveCfg = DebugWithoutFuego|Any CPU
		{308B4C90-2FDB-4EFC-853D-9C1AC92D2C39}.DebugWithoutFuego|x86.Build.0 = DebugWithoutFuego|Any CPU
		{308B4C90-2FDB-4EFC-853D-9C1AC92D2C39}.Release|Any CPU.ActiveCfg = Release|Any CPU
		{308B4C90-2FDB-4EFC-853D-9C1AC92D2C39}.Release|Any CPU.Build.0 = Release|Any CPU
		{308B4C90-2FDB-4EFC-853D-9C1AC92D2C39}.Release|ARM.ActiveCfg = Release|Any CPU
		{308B4C90-2FDB-4EFC-853D-9C1AC92D2C39}.Release|ARM.Build.0 = Release|Any CPU
		{308B4C90-2FDB-4EFC-853D-9C1AC92D2C39}.Release|x64.ActiveCfg = Release|Any CPU
		{308B4C90-2FDB-4EFC-853D-9C1AC92D2C39}.Release|x64.Build.0 = Release|Any CPU
		{308B4C90-2FDB-4EFC-853D-9C1AC92D2C39}.Release|x86.ActiveCfg = Release|Any CPU
		{308B4C90-2FDB-4EFC-853D-9C1AC92D2C39}.Release|x86.Build.0 = Release|Any CPU
		{FA0CE288-64C4-44FD-83BF-A2ADE58B5467}.Debug|Any CPU.ActiveCfg = Debug|x86
		{FA0CE288-64C4-44FD-83BF-A2ADE58B5467}.Debug|ARM.ActiveCfg = Debug|ARM
		{FA0CE288-64C4-44FD-83BF-A2ADE58B5467}.Debug|ARM.Build.0 = Debug|ARM
		{FA0CE288-64C4-44FD-83BF-A2ADE58B5467}.Debug|ARM.Deploy.0 = Debug|ARM
		{FA0CE288-64C4-44FD-83BF-A2ADE58B5467}.Debug|x64.ActiveCfg = Debug|x64
		{FA0CE288-64C4-44FD-83BF-A2ADE58B5467}.Debug|x64.Build.0 = Debug|x64
		{FA0CE288-64C4-44FD-83BF-A2ADE58B5467}.Debug|x64.Deploy.0 = Debug|x64
		{FA0CE288-64C4-44FD-83BF-A2ADE58B5467}.Debug|x86.ActiveCfg = Debug|x86
		{FA0CE288-64C4-44FD-83BF-A2ADE58B5467}.Debug|x86.Build.0 = Debug|x86
		{FA0CE288-64C4-44FD-83BF-A2ADE58B5467}.Debug|x86.Deploy.0 = Debug|x86
		{FA0CE288-64C4-44FD-83BF-A2ADE58B5467}.DebugWithoutFuego|Any CPU.ActiveCfg = DebugWithoutFuego|x86
		{FA0CE288-64C4-44FD-83BF-A2ADE58B5467}.DebugWithoutFuego|ARM.ActiveCfg = DebugWithoutFuego|ARM
		{FA0CE288-64C4-44FD-83BF-A2ADE58B5467}.DebugWithoutFuego|ARM.Build.0 = DebugWithoutFuego|ARM
		{FA0CE288-64C4-44FD-83BF-A2ADE58B5467}.DebugWithoutFuego|ARM.Deploy.0 = DebugWithoutFuego|ARM
		{FA0CE288-64C4-44FD-83BF-A2ADE58B5467}.DebugWithoutFuego|x64.ActiveCfg = DebugWithoutFuego|x64
		{FA0CE288-64C4-44FD-83BF-A2ADE58B5467}.DebugWithoutFuego|x64.Build.0 = DebugWithoutFuego|x64
		{FA0CE288-64C4-44FD-83BF-A2ADE58B5467}.DebugWithoutFuego|x64.Deploy.0 = DebugWithoutFuego|x64
		{FA0CE288-64C4-44FD-83BF-A2ADE58B5467}.DebugWithoutFuego|x86.ActiveCfg = DebugWithoutFuego|x86
		{FA0CE288-64C4-44FD-83BF-A2ADE58B5467}.DebugWithoutFuego|x86.Build.0 = DebugWithoutFuego|x86
		{FA0CE288-64C4-44FD-83BF-A2ADE58B5467}.DebugWithoutFuego|x86.Deploy.0 = DebugWithoutFuego|x86
		{FA0CE288-64C4-44FD-83BF-A2ADE58B5467}.Release|Any CPU.ActiveCfg = Release|x86
		{FA0CE288-64C4-44FD-83BF-A2ADE58B5467}.Release|ARM.ActiveCfg = Release|ARM
		{FA0CE288-64C4-44FD-83BF-A2ADE58B5467}.Release|ARM.Build.0 = Release|ARM
		{FA0CE288-64C4-44FD-83BF-A2ADE58B5467}.Release|ARM.Deploy.0 = Release|ARM
		{FA0CE288-64C4-44FD-83BF-A2ADE58B5467}.Release|x64.ActiveCfg = Release|x64
		{FA0CE288-64C4-44FD-83BF-A2ADE58B5467}.Release|x64.Build.0 = Release|x64
		{FA0CE288-64C4-44FD-83BF-A2ADE58B5467}.Release|x64.Deploy.0 = Release|x64
		{FA0CE288-64C4-44FD-83BF-A2ADE58B5467}.Release|x86.ActiveCfg = Release|x86
		{FA0CE288-64C4-44FD-83BF-A2ADE58B5467}.Release|x86.Build.0 = Release|x86
		{FA0CE288-64C4-44FD-83BF-A2ADE58B5467}.Release|x86.Deploy.0 = Release|x86
		{59468521-149E-45D5-AC96-1AD10734E96F}.Debug|Any CPU.ActiveCfg = Debug|Any CPU
		{59468521-149E-45D5-AC96-1AD10734E96F}.Debug|Any CPU.Build.0 = Debug|Any CPU
		{59468521-149E-45D5-AC96-1AD10734E96F}.Debug|ARM.ActiveCfg = Debug|Any CPU
		{59468521-149E-45D5-AC96-1AD10734E96F}.Debug|ARM.Build.0 = Debug|Any CPU
		{59468521-149E-45D5-AC96-1AD10734E96F}.Debug|x64.ActiveCfg = Debug|Any CPU
		{59468521-149E-45D5-AC96-1AD10734E96F}.Debug|x64.Build.0 = Debug|Any CPU
		{59468521-149E-45D5-AC96-1AD10734E96F}.Debug|x86.ActiveCfg = Debug|Any CPU
		{59468521-149E-45D5-AC96-1AD10734E96F}.Debug|x86.Build.0 = Debug|Any CPU
		{59468521-149E-45D5-AC96-1AD10734E96F}.DebugWithoutFuego|Any CPU.ActiveCfg = DebugWithoutFuego|Any CPU
		{59468521-149E-45D5-AC96-1AD10734E96F}.DebugWithoutFuego|Any CPU.Build.0 = DebugWithoutFuego|Any CPU
		{59468521-149E-45D5-AC96-1AD10734E96F}.DebugWithoutFuego|ARM.ActiveCfg = DebugWithoutFuego|Any CPU
		{59468521-149E-45D5-AC96-1AD10734E96F}.DebugWithoutFuego|ARM.Build.0 = DebugWithoutFuego|Any CPU
		{59468521-149E-45D5-AC96-1AD10734E96F}.DebugWithoutFuego|x64.ActiveCfg = DebugWithoutFuego|Any CPU
		{59468521-149E-45D5-AC96-1AD10734E96F}.DebugWithoutFuego|x64.Build.0 = DebugWithoutFuego|Any CPU
		{59468521-149E-45D5-AC96-1AD10734E96F}.DebugWithoutFuego|x86.ActiveCfg = DebugWithoutFuego|Any CPU
		{59468521-149E-45D5-AC96-1AD10734E96F}.DebugWithoutFuego|x86.Build.0 = DebugWithoutFuego|Any CPU
		{59468521-149E-45D5-AC96-1AD10734E96F}.Release|Any CPU.ActiveCfg = Release|Any CPU
		{59468521-149E-45D5-AC96-1AD10734E96F}.Release|Any CPU.Build.0 = Release|Any CPU
		{59468521-149E-45D5-AC96-1AD10734E96F}.Release|ARM.ActiveCfg = Release|Any CPU
		{59468521-149E-45D5-AC96-1AD10734E96F}.Release|ARM.Build.0 = Release|Any CPU
		{59468521-149E-45D5-AC96-1AD10734E96F}.Release|x64.ActiveCfg = Release|Any CPU
		{59468521-149E-45D5-AC96-1AD10734E96F}.Release|x64.Build.0 = Release|Any CPU
		{59468521-149E-45D5-AC96-1AD10734E96F}.Release|x86.ActiveCfg = Release|Any CPU
		{59468521-149E-45D5-AC96-1AD10734E96F}.Release|x86.Build.0 = Release|Any CPU
		{3E7497AC-B68F-4EE0-ABB1-79874A897514}.Debug|Any CPU.ActiveCfg = Debug|Win32
		{3E7497AC-B68F-4EE0-ABB1-79874A897514}.Debug|ARM.ActiveCfg = Debug|ARM
		{3E7497AC-B68F-4EE0-ABB1-79874A897514}.Debug|ARM.Build.0 = Debug|ARM
		{3E7497AC-B68F-4EE0-ABB1-79874A897514}.Debug|x64.ActiveCfg = Debug|x64
		{3E7497AC-B68F-4EE0-ABB1-79874A897514}.Debug|x64.Build.0 = Debug|x64
		{3E7497AC-B68F-4EE0-ABB1-79874A897514}.Debug|x86.ActiveCfg = Debug|Win32
		{3E7497AC-B68F-4EE0-ABB1-79874A897514}.Debug|x86.Build.0 = Debug|Win32
		{3E7497AC-B68F-4EE0-ABB1-79874A897514}.DebugWithoutFuego|Any CPU.ActiveCfg = DebugWithoutFuego|Win32
		{3E7497AC-B68F-4EE0-ABB1-79874A897514}.DebugWithoutFuego|ARM.ActiveCfg = DebugWithoutFuego|ARM
		{3E7497AC-B68F-4EE0-ABB1-79874A897514}.DebugWithoutFuego|x64.ActiveCfg = DebugWithoutFuego|x64
		{3E7497AC-B68F-4EE0-ABB1-79874A897514}.DebugWithoutFuego|x86.ActiveCfg = DebugWithoutFuego|Win32
		{3E7497AC-B68F-4EE0-ABB1-79874A897514}.Release|Any CPU.ActiveCfg = Release|Win32
		{3E7497AC-B68F-4EE0-ABB1-79874A897514}.Release|ARM.ActiveCfg = Release|ARM
		{3E7497AC-B68F-4EE0-ABB1-79874A897514}.Release|ARM.Build.0 = Release|ARM
		{3E7497AC-B68F-4EE0-ABB1-79874A897514}.Release|x64.ActiveCfg = Release|x64
		{3E7497AC-B68F-4EE0-ABB1-79874A897514}.Release|x64.Build.0 = Release|x64
		{3E7497AC-B68F-4EE0-ABB1-79874A897514}.Release|x86.ActiveCfg = Release|Win32
		{3E7497AC-B68F-4EE0-ABB1-79874A897514}.Release|x86.Build.0 = Release|Win32
		{7A8582E3-6E4B-4E4E-A6E3-925B2CC2D882}.Debug|Any CPU.ActiveCfg = Debug|Any CPU
		{7A8582E3-6E4B-4E4E-A6E3-925B2CC2D882}.Debug|ARM.ActiveCfg = Debug|ARM
		{7A8582E3-6E4B-4E4E-A6E3-925B2CC2D882}.Debug|ARM.Build.0 = Debug|ARM
		{7A8582E3-6E4B-4E4E-A6E3-925B2CC2D882}.Debug|x64.ActiveCfg = Debug|x64
		{7A8582E3-6E4B-4E4E-A6E3-925B2CC2D882}.Debug|x64.Build.0 = Debug|x64
		{7A8582E3-6E4B-4E4E-A6E3-925B2CC2D882}.Debug|x86.ActiveCfg = Debug|x86
		{7A8582E3-6E4B-4E4E-A6E3-925B2CC2D882}.Debug|x86.Build.0 = Debug|x86
		{7A8582E3-6E4B-4E4E-A6E3-925B2CC2D882}.DebugWithoutFuego|Any CPU.ActiveCfg = DebugWithoutFuego|x86
		{7A8582E3-6E4B-4E4E-A6E3-925B2CC2D882}.DebugWithoutFuego|ARM.ActiveCfg = DebugWithoutFuego|ARM
		{7A8582E3-6E4B-4E4E-A6E3-925B2CC2D882}.DebugWithoutFuego|x64.ActiveCfg = DebugWithoutFuego|x64
		{7A8582E3-6E4B-4E4E-A6E3-925B2CC2D882}.DebugWithoutFuego|x86.ActiveCfg = DebugWithoutFuego|x86
		{7A8582E3-6E4B-4E4E-A6E3-925B2CC2D882}.Release|Any CPU.ActiveCfg = Release|x86
		{7A8582E3-6E4B-4E4E-A6E3-925B2CC2D882}.Release|ARM.ActiveCfg = Release|ARM
		{7A8582E3-6E4B-4E4E-A6E3-925B2CC2D882}.Release|ARM.Build.0 = Release|ARM
		{7A8582E3-6E4B-4E4E-A6E3-925B2CC2D882}.Release|x64.ActiveCfg = Release|x64
		{7A8582E3-6E4B-4E4E-A6E3-925B2CC2D882}.Release|x64.Build.0 = Release|x64
		{7A8582E3-6E4B-4E4E-A6E3-925B2CC2D882}.Release|x86.ActiveCfg = Release|x86
		{7A8582E3-6E4B-4E4E-A6E3-925B2CC2D882}.Release|x86.Build.0 = Release|x86
		{C88156DE-6579-418C-8869-DCEACB70E35B}.Debug|Any CPU.ActiveCfg = Debug|Any CPU
		{C88156DE-6579-418C-8869-DCEACB70E35B}.Debug|Any CPU.Build.0 = Debug|Any CPU
		{C88156DE-6579-418C-8869-DCEACB70E35B}.Debug|ARM.ActiveCfg = Debug|Any CPU
		{C88156DE-6579-418C-8869-DCEACB70E35B}.Debug|ARM.Build.0 = Debug|Any CPU
		{C88156DE-6579-418C-8869-DCEACB70E35B}.Debug|x64.ActiveCfg = Debug|Any CPU
		{C88156DE-6579-418C-8869-DCEACB70E35B}.Debug|x64.Build.0 = Debug|Any CPU
		{C88156DE-6579-418C-8869-DCEACB70E35B}.Debug|x86.ActiveCfg = Debug|Any CPU
		{C88156DE-6579-418C-8869-DCEACB70E35B}.Debug|x86.Build.0 = Debug|Any CPU
		{C88156DE-6579-418C-8869-DCEACB70E35B}.DebugWithoutFuego|Any CPU.ActiveCfg = Debug|Any CPU
		{C88156DE-6579-418C-8869-DCEACB70E35B}.DebugWithoutFuego|Any CPU.Build.0 = Debug|Any CPU
		{C88156DE-6579-418C-8869-DCEACB70E35B}.DebugWithoutFuego|ARM.ActiveCfg = Debug|Any CPU
		{C88156DE-6579-418C-8869-DCEACB70E35B}.DebugWithoutFuego|ARM.Build.0 = Debug|Any CPU
		{C88156DE-6579-418C-8869-DCEACB70E35B}.DebugWithoutFuego|x64.ActiveCfg = Debug|Any CPU
		{C88156DE-6579-418C-8869-DCEACB70E35B}.DebugWithoutFuego|x64.Build.0 = Debug|Any CPU
		{C88156DE-6579-418C-8869-DCEACB70E35B}.DebugWithoutFuego|x86.ActiveCfg = Debug|Any CPU
		{C88156DE-6579-418C-8869-DCEACB70E35B}.DebugWithoutFuego|x86.Build.0 = Debug|Any CPU
		{C88156DE-6579-418C-8869-DCEACB70E35B}.Release|Any CPU.ActiveCfg = Release|Any CPU
		{C88156DE-6579-418C-8869-DCEACB70E35B}.Release|Any CPU.Build.0 = Release|Any CPU
		{C88156DE-6579-418C-8869-DCEACB70E35B}.Release|ARM.ActiveCfg = Release|Any CPU
		{C88156DE-6579-418C-8869-DCEACB70E35B}.Release|ARM.Build.0 = Release|Any CPU
		{C88156DE-6579-418C-8869-DCEACB70E35B}.Release|x64.ActiveCfg = Release|Any CPU
		{C88156DE-6579-418C-8869-DCEACB70E35B}.Release|x64.Build.0 = Release|Any CPU
		{C88156DE-6579-418C-8869-DCEACB70E35B}.Release|x86.ActiveCfg = Release|Any CPU
		{C88156DE-6579-418C-8869-DCEACB70E35B}.Release|x86.Build.0 = Release|Any CPU
	EndGlobalSection
	GlobalSection(SolutionProperties) = preSolution
		HideSolutionNode = FALSE
	EndGlobalSection
	GlobalSection(NestedProjects) = preSolution
		{C2048123-AEE4-4041-95A1-AED3B2249851} = {A3245683-3877-400D-B46F-3D7FE5733ADB}
		{DAFE0A61-6D7C-4423-8A23-D59D774A8FC2} = {30A0DE16-3B42-4C94-B1D6-A6B2E65D9C58}
		{4C6CFF15-3E8A-4577-879D-76546884124D} = {30A0DE16-3B42-4C94-B1D6-A6B2E65D9C58}
		{E10DFC81-FF3C-416A-AEA3-59F4CD63B683} = {C2048123-AEE4-4041-95A1-AED3B2249851}
		{554955AA-605A-4FF5-A509-47BF5E210A33} = {A3245683-3877-400D-B46F-3D7FE5733ADB}
		{8823DE70-5DC6-4151-84B4-0FC27E83EABD} = {A3245683-3877-400D-B46F-3D7FE5733ADB}
		{4C8C1143-35EA-4007-82F7-6C3CE426B1D9} = {640F5E74-E38A-488F-9EB5-FF12F353DD55}
		{C74C218D-8499-4E5A-AC6A-A782FE743A23} = {CEAFAE59-C161-413C-8F32-9B2E1DC0DFEF}
		{AA5DE2F1-3138-46BA-8C4A-4AF1D854DBB9} = {20954D73-CABB-4CC6-9F37-5706EFDFBA31}
		{E81A29F8-6942-4E1E-A27C-524FA68CEBAE} = {A3245683-3877-400D-B46F-3D7FE5733ADB}
		{47723589-F132-46E7-99AB-122D46B8738A} = {CEAFAE59-C161-413C-8F32-9B2E1DC0DFEF}
		{308B4C90-2FDB-4EFC-853D-9C1AC92D2C39} = {47723589-F132-46E7-99AB-122D46B8738A}
		{FA0CE288-64C4-44FD-83BF-A2ADE58B5467} = {C2048123-AEE4-4041-95A1-AED3B2249851}
		{294376DC-9D57-42DD-AB5E-A656F1886B3A} = {CEAFAE59-C161-413C-8F32-9B2E1DC0DFEF}
		{59468521-149E-45D5-AC96-1AD10734E96F} = {640F5E74-E38A-488F-9EB5-FF12F353DD55}
		{3E7497AC-B68F-4EE0-ABB1-79874A897514} = {294376DC-9D57-42DD-AB5E-A656F1886B3A}
		{7A8582E3-6E4B-4E4E-A6E3-925B2CC2D882} = {C2048123-AEE4-4041-95A1-AED3B2249851}
		{388A5397-49B6-4D26-B83D-48A3DC5E316C} = {C2048123-AEE4-4041-95A1-AED3B2249851}
		{5A3DEF89-E782-467E-8D17-31A200256CAB} = {CEAFAE59-C161-413C-8F32-9B2E1DC0DFEF}
		{C88156DE-6579-418C-8869-DCEACB70E35B} = {5A3DEF89-E782-467E-8D17-31A200256CAB}
	EndGlobalSection
EndGlobal
