
Microsoft Visual Studio Solution File, Format Version 12.00
# Visual Studio 14
VisualStudioVersion = 14.0.25420.1
MinimumVisualStudioVersion = 10.0.40219.1
Project("{2150E333-8FDC-42A3-9474-1A3956D46DE8}") = "WindowsUniversal", "WindowsUniversal", "{C2048123-AEE4-4041-95A1-AED3B2249851}"
EndProject
Project("{2150E333-8FDC-42A3-9474-1A3956D46DE8}") = "Prototype", "Prototype", "{640F5E74-E38A-488F-9EB5-FF12F353DD55}"
EndProject
Project("{2150E333-8FDC-42A3-9474-1A3956D46DE8}") = "Core", "Core", "{30A0DE16-3B42-4C94-B1D6-A6B2E65D9C58}"
EndProject
Project("{2150E333-8FDC-42A3-9474-1A3956D46DE8}") = "UI", "UI", "{A3245683-3877-400D-B46F-3D7FE5733ADB}"
EndProject
Project("{FAE04EC0-301F-11D3-BF4B-00C04F79EFBC}") = "OmegaGo.Core", "src\Core\OmegaGo.Client.Core\OmegaGo.Core.csproj", "{DAFE0A61-6D7C-4423-8A23-D59D774A8FC2}"
EndProject
Project("{FAE04EC0-301F-11D3-BF4B-00C04F79EFBC}") = "OmegaGo.Core.Tests", "tests\Core\OmegaGo.Client.Core.Tests\OmegaGo.Core.Tests.csproj", "{4C6CFF15-3E8A-4577-879D-76546884124D}"
EndProject
Project("{FAE04EC0-301F-11D3-BF4B-00C04F79EFBC}") = "OmegaGo.UI.WindowsUniversal", "src\UI\WindowsUniversal\OmegaGo.UI.WindowsUniversal\OmegaGo.UI.WindowsUniversal.csproj", "{E10DFC81-FF3C-416A-AEA3-59F4CD63B683}"
EndProject
Project("{FAE04EC0-301F-11D3-BF4B-00C04F79EFBC}") = "OmegaGo.UI.Tests", "tests\UI\OmegaGo.UI.Tests\OmegaGo.UI.Tests.csproj", "{554955AA-605A-4FF5-A509-47BF5E210A33}"
EndProject
Project("{FAE04EC0-301F-11D3-BF4B-00C04F79EFBC}") = "OmegaGo.UI", "src\UI\OmegaGo.UI\OmegaGo.UI.csproj", "{8823DE70-5DC6-4151-84B4-0FC27E83EABD}"
EndProject
Project("{FAE04EC0-301F-11D3-BF4B-00C04F79EFBC}") = "FormsPrototype", "src\Prototype\QuickPrototype\FormsPrototype.csproj", "{4C8C1143-35EA-4007-82F7-6C3CE426B1D9}"
EndProject
Project("{2150E333-8FDC-42A3-9474-1A3956D46DE8}") = "Sideprojects", "Sideprojects", "{CEAFAE59-C161-413C-8F32-9B2E1DC0DFEF}"
EndProject
Project("{FAE04EC0-301F-11D3-BF4B-00C04F79EFBC}") = "IgsPopulationDiscovery", "src\Sideprojects\IgsPopulationDiscovery\IgsPopulationDiscovery.csproj", "{C74C218D-8499-4E5A-AC6A-A782FE743A23}"
EndProject
Project("{2150E333-8FDC-42A3-9474-1A3956D46DE8}") = "Docs", "Docs", "{20954D73-CABB-4CC6-9F37-5706EFDFBA31}"
EndProject
Project("{FAE04EC0-301F-11D3-BF4B-00C04F79EFBC}") = "Docs", "..\Docs\Docs.csproj", "{AA5DE2F1-3138-46BA-8C4A-4AF1D854DBB9}"
EndProject
Project("{FAE04EC0-301F-11D3-BF4B-00C04F79EFBC}") = "OmegaGo.UI.Localization", "OmegaGo.UI.Localization\OmegaGo.UI.Localization.csproj", "{E81A29F8-6942-4E1E-A27C-524FA68CEBAE}"
EndProject
Project("{2150E333-8FDC-42A3-9474-1A3956D46DE8}") = "Oakfoam", "Oakfoam", "{D2A843E5-5EC6-4C8A-88E3-1968A049FAA8}"
	ProjectSection(SolutionItems) = preProject
		Notes.txt = Notes.txt
	EndProjectSection
EndProject
Project("{2150E333-8FDC-42A3-9474-1A3956D46DE8}") = "Sgf", "Sgf", "{47723589-F132-46E7-99AB-122D46B8738A}"
EndProject
Project("{FAE04EC0-301F-11D3-BF4B-00C04F79EFBC}") = "SgfConsoleParser", "src\Sideprojects\Sgf\SgfConsoleParser\SgfConsoleParser.csproj", "{308B4C90-2FDB-4EFC-853D-9C1AC92D2C39}"
EndProject
Project("{8BC9CEB8-8B4A-11D0-8D11-00A0C91BC942}") = "NativeDll", "NativeDll\NativeDll.vcxproj", "{9D19B834-B442-461B-A6FB-4EBBA1B5C552}"
EndProject
Project("{8BC9CEB8-8B4A-11D0-8D11-00A0C91BC942}") = "WindowsRuntimeDll", "WindowsRuntimeDll\WindowsRuntimeDll.vcxproj", "{F0335CD2-8AEF-4EBE-A889-C8261A70F0D4}"
EndProject
Project("{FAE04EC0-301F-11D3-BF4B-00C04F79EFBC}") = "UniversalWindowsTestApp", "UniversalWindowsTestApp\UniversalWindowsTestApp.csproj", "{08E7E420-3E73-4F47-8F0C-500458438834}"
EndProject
Global
	GlobalSection(SolutionConfigurationPlatforms) = preSolution
		Debug|Any CPU = Debug|Any CPU
		Debug|ARM = Debug|ARM
		Debug|x64 = Debug|x64
		Debug|x86 = Debug|x86
		Release|Any CPU = Release|Any CPU
		Release|ARM = Release|ARM
		Release|x64 = Release|x64
		Release|x86 = Release|x86
	EndGlobalSection
	GlobalSection(ProjectConfigurationPlatforms) = postSolution
		{DAFE0A61-6D7C-4423-8A23-D59D774A8FC2}.Debug|Any CPU.ActiveCfg = Debug|Any CPU
		{DAFE0A61-6D7C-4423-8A23-D59D774A8FC2}.Debug|Any CPU.Build.0 = Debug|Any CPU
		{DAFE0A61-6D7C-4423-8A23-D59D774A8FC2}.Debug|ARM.ActiveCfg = Debug|Any CPU
		{DAFE0A61-6D7C-4423-8A23-D59D774A8FC2}.Debug|ARM.Build.0 = Debug|Any CPU
		{DAFE0A61-6D7C-4423-8A23-D59D774A8FC2}.Debug|x64.ActiveCfg = Debug|Any CPU
		{DAFE0A61-6D7C-4423-8A23-D59D774A8FC2}.Debug|x64.Build.0 = Debug|Any CPU
		{DAFE0A61-6D7C-4423-8A23-D59D774A8FC2}.Debug|x86.ActiveCfg = Debug|Any CPU
		{DAFE0A61-6D7C-4423-8A23-D59D774A8FC2}.Debug|x86.Build.0 = Debug|Any CPU
		{DAFE0A61-6D7C-4423-8A23-D59D774A8FC2}.Release|Any CPU.ActiveCfg = Release|Any CPU
		{DAFE0A61-6D7C-4423-8A23-D59D774A8FC2}.Release|Any CPU.Build.0 = Release|Any CPU
		{DAFE0A61-6D7C-4423-8A23-D59D774A8FC2}.Release|ARM.ActiveCfg = Release|Any CPU
		{DAFE0A61-6D7C-4423-8A23-D59D774A8FC2}.Release|ARM.Build.0 = Release|Any CPU
		{DAFE0A61-6D7C-4423-8A23-D59D774A8FC2}.Release|x64.ActiveCfg = Release|Any CPU
		{DAFE0A61-6D7C-4423-8A23-D59D774A8FC2}.Release|x64.Build.0 = Release|Any CPU
		{DAFE0A61-6D7C-4423-8A23-D59D774A8FC2}.Release|x86.ActiveCfg = Release|Any CPU
		{DAFE0A61-6D7C-4423-8A23-D59D774A8FC2}.Release|x86.Build.0 = Release|Any CPU
		{4C6CFF15-3E8A-4577-879D-76546884124D}.Debug|Any CPU.ActiveCfg = Debug|Any CPU
		{4C6CFF15-3E8A-4577-879D-76546884124D}.Debug|Any CPU.Build.0 = Debug|Any CPU
		{4C6CFF15-3E8A-4577-879D-76546884124D}.Debug|ARM.ActiveCfg = Debug|Any CPU
		{4C6CFF15-3E8A-4577-879D-76546884124D}.Debug|ARM.Build.0 = Debug|Any CPU
		{4C6CFF15-3E8A-4577-879D-76546884124D}.Debug|x64.ActiveCfg = Debug|Any CPU
		{4C6CFF15-3E8A-4577-879D-76546884124D}.Debug|x64.Build.0 = Debug|Any CPU
		{4C6CFF15-3E8A-4577-879D-76546884124D}.Debug|x86.ActiveCfg = Debug|Any CPU
		{4C6CFF15-3E8A-4577-879D-76546884124D}.Debug|x86.Build.0 = Debug|Any CPU
		{4C6CFF15-3E8A-4577-879D-76546884124D}.Release|Any CPU.ActiveCfg = Release|Any CPU
		{4C6CFF15-3E8A-4577-879D-76546884124D}.Release|Any CPU.Build.0 = Release|Any CPU
		{4C6CFF15-3E8A-4577-879D-76546884124D}.Release|ARM.ActiveCfg = Release|Any CPU
		{4C6CFF15-3E8A-4577-879D-76546884124D}.Release|ARM.Build.0 = Release|Any CPU
		{4C6CFF15-3E8A-4577-879D-76546884124D}.Release|x64.ActiveCfg = Release|Any CPU
		{4C6CFF15-3E8A-4577-879D-76546884124D}.Release|x64.Build.0 = Release|Any CPU
		{4C6CFF15-3E8A-4577-879D-76546884124D}.Release|x86.ActiveCfg = Release|Any CPU
		{4C6CFF15-3E8A-4577-879D-76546884124D}.Release|x86.Build.0 = Release|Any CPU
		{E10DFC81-FF3C-416A-AEA3-59F4CD63B683}.Debug|Any CPU.ActiveCfg = Debug|x86
		{E10DFC81-FF3C-416A-AEA3-59F4CD63B683}.Debug|Any CPU.Build.0 = Debug|x86
		{E10DFC81-FF3C-416A-AEA3-59F4CD63B683}.Debug|Any CPU.Deploy.0 = Debug|x86
		{E10DFC81-FF3C-416A-AEA3-59F4CD63B683}.Debug|ARM.ActiveCfg = Debug|ARM
		{E10DFC81-FF3C-416A-AEA3-59F4CD63B683}.Debug|ARM.Build.0 = Debug|ARM
		{E10DFC81-FF3C-416A-AEA3-59F4CD63B683}.Debug|ARM.Deploy.0 = Debug|ARM
		{E10DFC81-FF3C-416A-AEA3-59F4CD63B683}.Debug|x64.ActiveCfg = Debug|x64
		{E10DFC81-FF3C-416A-AEA3-59F4CD63B683}.Debug|x64.Build.0 = Debug|x64
		{E10DFC81-FF3C-416A-AEA3-59F4CD63B683}.Debug|x64.Deploy.0 = Debug|x64
		{E10DFC81-FF3C-416A-AEA3-59F4CD63B683}.Debug|x86.ActiveCfg = Debug|x86
		{E10DFC81-FF3C-416A-AEA3-59F4CD63B683}.Debug|x86.Build.0 = Debug|x86
		{E10DFC81-FF3C-416A-AEA3-59F4CD63B683}.Debug|x86.Deploy.0 = Debug|x86
		{E10DFC81-FF3C-416A-AEA3-59F4CD63B683}.Release|Any CPU.ActiveCfg = Release|x86
		{E10DFC81-FF3C-416A-AEA3-59F4CD63B683}.Release|ARM.ActiveCfg = Release|ARM
		{E10DFC81-FF3C-416A-AEA3-59F4CD63B683}.Release|ARM.Build.0 = Release|ARM
		{E10DFC81-FF3C-416A-AEA3-59F4CD63B683}.Release|ARM.Deploy.0 = Release|ARM
		{E10DFC81-FF3C-416A-AEA3-59F4CD63B683}.Release|x64.ActiveCfg = Release|x64
		{E10DFC81-FF3C-416A-AEA3-59F4CD63B683}.Release|x64.Build.0 = Release|x64
		{E10DFC81-FF3C-416A-AEA3-59F4CD63B683}.Release|x64.Deploy.0 = Release|x64
		{E10DFC81-FF3C-416A-AEA3-59F4CD63B683}.Release|x86.ActiveCfg = Release|x86
		{E10DFC81-FF3C-416A-AEA3-59F4CD63B683}.Release|x86.Build.0 = Release|x86
		{E10DFC81-FF3C-416A-AEA3-59F4CD63B683}.Release|x86.Deploy.0 = Release|x86
		{554955AA-605A-4FF5-A509-47BF5E210A33}.Debug|Any CPU.ActiveCfg = Debug|Any CPU
		{554955AA-605A-4FF5-A509-47BF5E210A33}.Debug|Any CPU.Build.0 = Debug|Any CPU
		{554955AA-605A-4FF5-A509-47BF5E210A33}.Debug|ARM.ActiveCfg = Debug|Any CPU
		{554955AA-605A-4FF5-A509-47BF5E210A33}.Debug|ARM.Build.0 = Debug|Any CPU
		{554955AA-605A-4FF5-A509-47BF5E210A33}.Debug|x64.ActiveCfg = Debug|Any CPU
		{554955AA-605A-4FF5-A509-47BF5E210A33}.Debug|x64.Build.0 = Debug|Any CPU
		{554955AA-605A-4FF5-A509-47BF5E210A33}.Debug|x86.ActiveCfg = Debug|Any CPU
		{554955AA-605A-4FF5-A509-47BF5E210A33}.Debug|x86.Build.0 = Debug|Any CPU
		{554955AA-605A-4FF5-A509-47BF5E210A33}.Release|Any CPU.ActiveCfg = Release|Any CPU
		{554955AA-605A-4FF5-A509-47BF5E210A33}.Release|Any CPU.Build.0 = Release|Any CPU
		{554955AA-605A-4FF5-A509-47BF5E210A33}.Release|ARM.ActiveCfg = Release|Any CPU
		{554955AA-605A-4FF5-A509-47BF5E210A33}.Release|ARM.Build.0 = Release|Any CPU
		{554955AA-605A-4FF5-A509-47BF5E210A33}.Release|x64.ActiveCfg = Release|Any CPU
		{554955AA-605A-4FF5-A509-47BF5E210A33}.Release|x64.Build.0 = Release|Any CPU
		{554955AA-605A-4FF5-A509-47BF5E210A33}.Release|x86.ActiveCfg = Release|Any CPU
		{554955AA-605A-4FF5-A509-47BF5E210A33}.Release|x86.Build.0 = Release|Any CPU
		{8823DE70-5DC6-4151-84B4-0FC27E83EABD}.Debug|Any CPU.ActiveCfg = Debug|Any CPU
		{8823DE70-5DC6-4151-84B4-0FC27E83EABD}.Debug|Any CPU.Build.0 = Debug|Any CPU
		{8823DE70-5DC6-4151-84B4-0FC27E83EABD}.Debug|ARM.ActiveCfg = Debug|Any CPU
		{8823DE70-5DC6-4151-84B4-0FC27E83EABD}.Debug|ARM.Build.0 = Debug|Any CPU
		{8823DE70-5DC6-4151-84B4-0FC27E83EABD}.Debug|x64.ActiveCfg = Debug|Any CPU
		{8823DE70-5DC6-4151-84B4-0FC27E83EABD}.Debug|x64.Build.0 = Debug|Any CPU
		{8823DE70-5DC6-4151-84B4-0FC27E83EABD}.Debug|x86.ActiveCfg = Debug|Any CPU
		{8823DE70-5DC6-4151-84B4-0FC27E83EABD}.Debug|x86.Build.0 = Debug|Any CPU
		{8823DE70-5DC6-4151-84B4-0FC27E83EABD}.Release|Any CPU.ActiveCfg = Release|Any CPU
		{8823DE70-5DC6-4151-84B4-0FC27E83EABD}.Release|Any CPU.Build.0 = Release|Any CPU
		{8823DE70-5DC6-4151-84B4-0FC27E83EABD}.Release|ARM.ActiveCfg = Release|Any CPU
		{8823DE70-5DC6-4151-84B4-0FC27E83EABD}.Release|ARM.Build.0 = Release|Any CPU
		{8823DE70-5DC6-4151-84B4-0FC27E83EABD}.Release|x64.ActiveCfg = Release|Any CPU
		{8823DE70-5DC6-4151-84B4-0FC27E83EABD}.Release|x64.Build.0 = Release|Any CPU
		{8823DE70-5DC6-4151-84B4-0FC27E83EABD}.Release|x86.ActiveCfg = Release|Any CPU
		{8823DE70-5DC6-4151-84B4-0FC27E83EABD}.Release|x86.Build.0 = Release|Any CPU
		{4C8C1143-35EA-4007-82F7-6C3CE426B1D9}.Debug|Any CPU.ActiveCfg = Debug|Any CPU
		{4C8C1143-35EA-4007-82F7-6C3CE426B1D9}.Debug|Any CPU.Build.0 = Debug|Any CPU
		{4C8C1143-35EA-4007-82F7-6C3CE426B1D9}.Debug|ARM.ActiveCfg = Debug|Any CPU
		{4C8C1143-35EA-4007-82F7-6C3CE426B1D9}.Debug|ARM.Build.0 = Debug|Any CPU
		{4C8C1143-35EA-4007-82F7-6C3CE426B1D9}.Debug|x64.ActiveCfg = Debug|Any CPU
		{4C8C1143-35EA-4007-82F7-6C3CE426B1D9}.Debug|x64.Build.0 = Debug|Any CPU
		{4C8C1143-35EA-4007-82F7-6C3CE426B1D9}.Debug|x86.ActiveCfg = Debug|Any CPU
		{4C8C1143-35EA-4007-82F7-6C3CE426B1D9}.Debug|x86.Build.0 = Debug|Any CPU
		{4C8C1143-35EA-4007-82F7-6C3CE426B1D9}.Release|Any CPU.ActiveCfg = Release|Any CPU
		{4C8C1143-35EA-4007-82F7-6C3CE426B1D9}.Release|Any CPU.Build.0 = Release|Any CPU
		{4C8C1143-35EA-4007-82F7-6C3CE426B1D9}.Release|ARM.ActiveCfg = Release|Any CPU
		{4C8C1143-35EA-4007-82F7-6C3CE426B1D9}.Release|ARM.Build.0 = Release|Any CPU
		{4C8C1143-35EA-4007-82F7-6C3CE426B1D9}.Release|x64.ActiveCfg = Release|Any CPU
		{4C8C1143-35EA-4007-82F7-6C3CE426B1D9}.Release|x64.Build.0 = Release|Any CPU
		{4C8C1143-35EA-4007-82F7-6C3CE426B1D9}.Release|x86.ActiveCfg = Release|Any CPU
		{4C8C1143-35EA-4007-82F7-6C3CE426B1D9}.Release|x86.Build.0 = Release|Any CPU
		{C74C218D-8499-4E5A-AC6A-A782FE743A23}.Debug|Any CPU.ActiveCfg = Debug|Any CPU
		{C74C218D-8499-4E5A-AC6A-A782FE743A23}.Debug|Any CPU.Build.0 = Debug|Any CPU
		{C74C218D-8499-4E5A-AC6A-A782FE743A23}.Debug|ARM.ActiveCfg = Debug|Any CPU
		{C74C218D-8499-4E5A-AC6A-A782FE743A23}.Debug|ARM.Build.0 = Debug|Any CPU
		{C74C218D-8499-4E5A-AC6A-A782FE743A23}.Debug|x64.ActiveCfg = Debug|Any CPU
		{C74C218D-8499-4E5A-AC6A-A782FE743A23}.Debug|x64.Build.0 = Debug|Any CPU
		{C74C218D-8499-4E5A-AC6A-A782FE743A23}.Debug|x86.ActiveCfg = Debug|Any CPU
		{C74C218D-8499-4E5A-AC6A-A782FE743A23}.Debug|x86.Build.0 = Debug|Any CPU
		{C74C218D-8499-4E5A-AC6A-A782FE743A23}.Release|Any CPU.ActiveCfg = Release|Any CPU
		{C74C218D-8499-4E5A-AC6A-A782FE743A23}.Release|Any CPU.Build.0 = Release|Any CPU
		{C74C218D-8499-4E5A-AC6A-A782FE743A23}.Release|ARM.ActiveCfg = Release|Any CPU
		{C74C218D-8499-4E5A-AC6A-A782FE743A23}.Release|ARM.Build.0 = Release|Any CPU
		{C74C218D-8499-4E5A-AC6A-A782FE743A23}.Release|x64.ActiveCfg = Release|Any CPU
		{C74C218D-8499-4E5A-AC6A-A782FE743A23}.Release|x64.Build.0 = Release|Any CPU
		{C74C218D-8499-4E5A-AC6A-A782FE743A23}.Release|x86.ActiveCfg = Release|Any CPU
		{C74C218D-8499-4E5A-AC6A-A782FE743A23}.Release|x86.Build.0 = Release|Any CPU
		{AA5DE2F1-3138-46BA-8C4A-4AF1D854DBB9}.Debug|Any CPU.ActiveCfg = Debug|Any CPU
		{AA5DE2F1-3138-46BA-8C4A-4AF1D854DBB9}.Debug|ARM.ActiveCfg = Debug|Any CPU
		{AA5DE2F1-3138-46BA-8C4A-4AF1D854DBB9}.Debug|x64.ActiveCfg = Debug|Any CPU
		{AA5DE2F1-3138-46BA-8C4A-4AF1D854DBB9}.Debug|x86.ActiveCfg = Debug|Any CPU
		{AA5DE2F1-3138-46BA-8C4A-4AF1D854DBB9}.Release|Any CPU.ActiveCfg = Release|Any CPU
		{AA5DE2F1-3138-46BA-8C4A-4AF1D854DBB9}.Release|ARM.ActiveCfg = Release|Any CPU
		{AA5DE2F1-3138-46BA-8C4A-4AF1D854DBB9}.Release|x64.ActiveCfg = Release|Any CPU
		{AA5DE2F1-3138-46BA-8C4A-4AF1D854DBB9}.Release|x86.ActiveCfg = Release|Any CPU
		{E81A29F8-6942-4E1E-A27C-524FA68CEBAE}.Debug|Any CPU.ActiveCfg = Debug|Any CPU
		{E81A29F8-6942-4E1E-A27C-524FA68CEBAE}.Debug|Any CPU.Build.0 = Debug|Any CPU
		{E81A29F8-6942-4E1E-A27C-524FA68CEBAE}.Debug|ARM.ActiveCfg = Debug|Any CPU
		{E81A29F8-6942-4E1E-A27C-524FA68CEBAE}.Debug|ARM.Build.0 = Debug|Any CPU
		{E81A29F8-6942-4E1E-A27C-524FA68CEBAE}.Debug|x64.ActiveCfg = Debug|Any CPU
		{E81A29F8-6942-4E1E-A27C-524FA68CEBAE}.Debug|x64.Build.0 = Debug|Any CPU
		{E81A29F8-6942-4E1E-A27C-524FA68CEBAE}.Debug|x86.ActiveCfg = Debug|Any CPU
		{E81A29F8-6942-4E1E-A27C-524FA68CEBAE}.Debug|x86.Build.0 = Debug|Any CPU
		{E81A29F8-6942-4E1E-A27C-524FA68CEBAE}.Release|Any CPU.ActiveCfg = Release|Any CPU
		{E81A29F8-6942-4E1E-A27C-524FA68CEBAE}.Release|Any CPU.Build.0 = Release|Any CPU
		{E81A29F8-6942-4E1E-A27C-524FA68CEBAE}.Release|ARM.ActiveCfg = Release|Any CPU
		{E81A29F8-6942-4E1E-A27C-524FA68CEBAE}.Release|ARM.Build.0 = Release|Any CPU
		{E81A29F8-6942-4E1E-A27C-524FA68CEBAE}.Release|x64.ActiveCfg = Release|Any CPU
		{E81A29F8-6942-4E1E-A27C-524FA68CEBAE}.Release|x64.Build.0 = Release|Any CPU
		{E81A29F8-6942-4E1E-A27C-524FA68CEBAE}.Release|x86.ActiveCfg = Release|Any CPU
		{E81A29F8-6942-4E1E-A27C-524FA68CEBAE}.Release|x86.Build.0 = Release|Any CPU
		{308B4C90-2FDB-4EFC-853D-9C1AC92D2C39}.Debug|Any CPU.ActiveCfg = Debug|Any CPU
		{308B4C90-2FDB-4EFC-853D-9C1AC92D2C39}.Debug|Any CPU.Build.0 = Debug|Any CPU
		{308B4C90-2FDB-4EFC-853D-9C1AC92D2C39}.Debug|ARM.ActiveCfg = Debug|Any CPU
		{308B4C90-2FDB-4EFC-853D-9C1AC92D2C39}.Debug|ARM.Build.0 = Debug|Any CPU
		{308B4C90-2FDB-4EFC-853D-9C1AC92D2C39}.Debug|x64.ActiveCfg = Debug|Any CPU
		{308B4C90-2FDB-4EFC-853D-9C1AC92D2C39}.Debug|x64.Build.0 = Debug|Any CPU
		{308B4C90-2FDB-4EFC-853D-9C1AC92D2C39}.Debug|x86.ActiveCfg = Debug|Any CPU
		{308B4C90-2FDB-4EFC-853D-9C1AC92D2C39}.Debug|x86.Build.0 = Debug|Any CPU
		{308B4C90-2FDB-4EFC-853D-9C1AC92D2C39}.Release|Any CPU.ActiveCfg = Release|Any CPU
		{308B4C90-2FDB-4EFC-853D-9C1AC92D2C39}.Release|Any CPU.Build.0 = Release|Any CPU
		{308B4C90-2FDB-4EFC-853D-9C1AC92D2C39}.Release|ARM.ActiveCfg = Release|Any CPU
		{308B4C90-2FDB-4EFC-853D-9C1AC92D2C39}.Release|ARM.Build.0 = Release|Any CPU
		{308B4C90-2FDB-4EFC-853D-9C1AC92D2C39}.Release|x64.ActiveCfg = Release|Any CPU
		{308B4C90-2FDB-4EFC-853D-9C1AC92D2C39}.Release|x64.Build.0 = Release|Any CPU
		{308B4C90-2FDB-4EFC-853D-9C1AC92D2C39}.Release|x86.ActiveCfg = Release|Any CPU
		{308B4C90-2FDB-4EFC-853D-9C1AC92D2C39}.Release|x86.Build.0 = Release|Any CPU
		{9D19B834-B442-461B-A6FB-4EBBA1B5C552}.Debug|Any CPU.ActiveCfg = Debug|Win32
		{9D19B834-B442-461B-A6FB-4EBBA1B5C552}.Debug|ARM.ActiveCfg = Debug|ARM
		{9D19B834-B442-461B-A6FB-4EBBA1B5C552}.Debug|ARM.Build.0 = Debug|ARM
		{9D19B834-B442-461B-A6FB-4EBBA1B5C552}.Debug|x64.ActiveCfg = Debug|x64
		{9D19B834-B442-461B-A6FB-4EBBA1B5C552}.Debug|x64.Build.0 = Debug|x64
		{9D19B834-B442-461B-A6FB-4EBBA1B5C552}.Debug|x86.ActiveCfg = Debug|Win32
		{9D19B834-B442-461B-A6FB-4EBBA1B5C552}.Debug|x86.Build.0 = Debug|Win32
		{9D19B834-B442-461B-A6FB-4EBBA1B5C552}.Release|Any CPU.ActiveCfg = Release|Win32
		{9D19B834-B442-461B-A6FB-4EBBA1B5C552}.Release|ARM.ActiveCfg = Release|ARM
		{9D19B834-B442-461B-A6FB-4EBBA1B5C552}.Release|ARM.Build.0 = Release|ARM
		{9D19B834-B442-461B-A6FB-4EBBA1B5C552}.Release|x64.ActiveCfg = Release|x64
		{9D19B834-B442-461B-A6FB-4EBBA1B5C552}.Release|x64.Build.0 = Release|x64
		{9D19B834-B442-461B-A6FB-4EBBA1B5C552}.Release|x86.ActiveCfg = Release|Win32
		{9D19B834-B442-461B-A6FB-4EBBA1B5C552}.Release|x86.Build.0 = Release|Win32
		{F0335CD2-8AEF-4EBE-A889-C8261A70F0D4}.Debug|Any CPU.ActiveCfg = Debug|Win32
		{F0335CD2-8AEF-4EBE-A889-C8261A70F0D4}.Debug|ARM.ActiveCfg = Debug|ARM
		{F0335CD2-8AEF-4EBE-A889-C8261A70F0D4}.Debug|ARM.Build.0 = Debug|ARM
		{F0335CD2-8AEF-4EBE-A889-C8261A70F0D4}.Debug|x64.ActiveCfg = Debug|x64
		{F0335CD2-8AEF-4EBE-A889-C8261A70F0D4}.Debug|x64.Build.0 = Debug|x64
		{F0335CD2-8AEF-4EBE-A889-C8261A70F0D4}.Debug|x86.ActiveCfg = Debug|Win32
		{F0335CD2-8AEF-4EBE-A889-C8261A70F0D4}.Debug|x86.Build.0 = Debug|Win32
		{F0335CD2-8AEF-4EBE-A889-C8261A70F0D4}.Release|Any CPU.ActiveCfg = Release|Win32
		{F0335CD2-8AEF-4EBE-A889-C8261A70F0D4}.Release|ARM.ActiveCfg = Release|ARM
		{F0335CD2-8AEF-4EBE-A889-C8261A70F0D4}.Release|ARM.Build.0 = Release|ARM
		{F0335CD2-8AEF-4EBE-A889-C8261A70F0D4}.Release|x64.ActiveCfg = Release|x64
		{F0335CD2-8AEF-4EBE-A889-C8261A70F0D4}.Release|x64.Build.0 = Release|x64
		{F0335CD2-8AEF-4EBE-A889-C8261A70F0D4}.Release|x86.ActiveCfg = Release|Win32
		{F0335CD2-8AEF-4EBE-A889-C8261A70F0D4}.Release|x86.Build.0 = Release|Win32
		{08E7E420-3E73-4F47-8F0C-500458438834}.Debug|Any CPU.ActiveCfg = Debug|x86
		{08E7E420-3E73-4F47-8F0C-500458438834}.Debug|ARM.ActiveCfg = Debug|ARM
		{08E7E420-3E73-4F47-8F0C-500458438834}.Debug|ARM.Build.0 = Debug|ARM
		{08E7E420-3E73-4F47-8F0C-500458438834}.Debug|ARM.Deploy.0 = Debug|ARM
		{08E7E420-3E73-4F47-8F0C-500458438834}.Debug|x64.ActiveCfg = Debug|x64
		{08E7E420-3E73-4F47-8F0C-500458438834}.Debug|x64.Build.0 = Debug|x64
		{08E7E420-3E73-4F47-8F0C-500458438834}.Debug|x64.Deploy.0 = Debug|x64
		{08E7E420-3E73-4F47-8F0C-500458438834}.Debug|x86.ActiveCfg = Debug|x86
		{08E7E420-3E73-4F47-8F0C-500458438834}.Debug|x86.Build.0 = Debug|x86
		{08E7E420-3E73-4F47-8F0C-500458438834}.Debug|x86.Deploy.0 = Debug|x86
		{08E7E420-3E73-4F47-8F0C-500458438834}.Release|Any CPU.ActiveCfg = Release|x86
		{08E7E420-3E73-4F47-8F0C-500458438834}.Release|ARM.ActiveCfg = Release|ARM
		{08E7E420-3E73-4F47-8F0C-500458438834}.Release|ARM.Build.0 = Release|ARM
		{08E7E420-3E73-4F47-8F0C-500458438834}.Release|ARM.Deploy.0 = Release|ARM
		{08E7E420-3E73-4F47-8F0C-500458438834}.Release|x64.ActiveCfg = Release|x64
		{08E7E420-3E73-4F47-8F0C-500458438834}.Release|x64.Build.0 = Release|x64
		{08E7E420-3E73-4F47-8F0C-500458438834}.Release|x64.Deploy.0 = Release|x64
		{08E7E420-3E73-4F47-8F0C-500458438834}.Release|x86.ActiveCfg = Release|x86
		{08E7E420-3E73-4F47-8F0C-500458438834}.Release|x86.Build.0 = Release|x86
		{08E7E420-3E73-4F47-8F0C-500458438834}.Release|x86.Deploy.0 = Release|x86
	EndGlobalSection
	GlobalSection(SolutionProperties) = preSolution
		HideSolutionNode = FALSE
	EndGlobalSection
	GlobalSection(NestedProjects) = preSolution
		{C2048123-AEE4-4041-95A1-AED3B2249851} = {A3245683-3877-400D-B46F-3D7FE5733ADB}
		{DAFE0A61-6D7C-4423-8A23-D59D774A8FC2} = {30A0DE16-3B42-4C94-B1D6-A6B2E65D9C58}
		{4C6CFF15-3E8A-4577-879D-76546884124D} = {30A0DE16-3B42-4C94-B1D6-A6B2E65D9C58}
		{E10DFC81-FF3C-416A-AEA3-59F4CD63B683} = {C2048123-AEE4-4041-95A1-AED3B2249851}
		{554955AA-605A-4FF5-A509-47BF5E210A33} = {A3245683-3877-400D-B46F-3D7FE5733ADB}
		{8823DE70-5DC6-4151-84B4-0FC27E83EABD} = {A3245683-3877-400D-B46F-3D7FE5733ADB}
		{4C8C1143-35EA-4007-82F7-6C3CE426B1D9} = {640F5E74-E38A-488F-9EB5-FF12F353DD55}
		{C74C218D-8499-4E5A-AC6A-A782FE743A23} = {CEAFAE59-C161-413C-8F32-9B2E1DC0DFEF}
		{AA5DE2F1-3138-46BA-8C4A-4AF1D854DBB9} = {20954D73-CABB-4CC6-9F37-5706EFDFBA31}
		{E81A29F8-6942-4E1E-A27C-524FA68CEBAE} = {A3245683-3877-400D-B46F-3D7FE5733ADB}
		{D2A843E5-5EC6-4C8A-88E3-1968A049FAA8} = {CEAFAE59-C161-413C-8F32-9B2E1DC0DFEF}
		{47723589-F132-46E7-99AB-122D46B8738A} = {CEAFAE59-C161-413C-8F32-9B2E1DC0DFEF}
		{308B4C90-2FDB-4EFC-853D-9C1AC92D2C39} = {47723589-F132-46E7-99AB-122D46B8738A}
		{9D19B834-B442-461B-A6FB-4EBBA1B5C552} = {D2A843E5-5EC6-4C8A-88E3-1968A049FAA8}
		{F0335CD2-8AEF-4EBE-A889-C8261A70F0D4} = {D2A843E5-5EC6-4C8A-88E3-1968A049FAA8}
		{08E7E420-3E73-4F47-8F0C-500458438834} = {D2A843E5-5EC6-4C8A-88E3-1968A049FAA8}
	EndGlobalSection
EndGlobal
