<?xml version="1.0" encoding="utf-8"?>
<Project ToolsVersion="4.0" xmlns="http://schemas.microsoft.com/developer/msbuild/2003">
  <ItemGroup>
    <Filter Include="Source Files">
      <UniqueIdentifier>{4FC737F1-C7A5-4376-A066-2A32D752A2FF}</UniqueIdentifier>
      <Extensions>cpp;c;cc;cxx;def;odl;idl;hpj;bat;asm;asmx</Extensions>
    </Filter>
    <Filter Include="Header Files">
      <UniqueIdentifier>{93995380-89BD-4b04-88EB-625FBE52EBFB}</UniqueIdentifier>
      <Extensions>h;hh;hpp;hxx;hm;inl;inc;xsd</Extensions>
    </Filter>
    <Filter Include="Resource Files">
      <UniqueIdentifier>{67DA6AB6-F800-4c08-8B7A-83BB121AAD01}</UniqueIdentifier>
      <Extensions>rc;ico;cur;bmp;dlg;rc2;rct;bin;rgs;gif;jpg;jpeg;jpe;resx;tiff;tif;png;wav;mfcribbon-ms</Extensions>
    </Filter>
    <Filter Include="Source Files\gtp">
      <UniqueIdentifier>{26699310-f8f0-482a-a132-5e670f1bdba4}</UniqueIdentifier>
    </Filter>
    <Filter Include="Source Files\engine">
      <UniqueIdentifier>{504ff878-6397-475c-88ed-97d7c02d2ce8}</UniqueIdentifier>
    </Filter>
    <Filter Include="Source Files\web">
      <UniqueIdentifier>{d6248cf5-4da6-4dc3-8a8b-d548833df1db}</UniqueIdentifier>
    </Filter>
    <Filter Include="Header Files\gtp">
      <UniqueIdentifier>{28cee67a-a507-4e71-91df-f2d3932a67f6}</UniqueIdentifier>
    </Filter>
    <Filter Include="Header Files\engine">
      <UniqueIdentifier>{f6954b18-8cc6-40f0-8221-5cf9624fe625}</UniqueIdentifier>
    </Filter>
    <Filter Include="Header Files\web">
      <UniqueIdentifier>{0b2bff08-ebe9-48da-91bb-1726adec0137}</UniqueIdentifier>
    </Filter>
  </ItemGroup>
  <ItemGroup>
    <ClCompile Include="..\src\main.cc">
      <Filter>Source Files</Filter>
    </ClCompile>
    <ClCompile Include="..\src\Oakfoam.cc">
      <Filter>Source Files</Filter>
    </ClCompile>
    <ClCompile Include="..\src\web\Web.cc">
      <Filter>Source Files\web</Filter>
    </ClCompile>
    <ClCompile Include="..\src\engine\Benson.cc">
      <Filter>Source Files\engine</Filter>
    </ClCompile>
    <ClCompile Include="..\src\engine\Book.cc">
      <Filter>Source Files\engine</Filter>
    </ClCompile>
    <ClCompile Include="..\src\engine\DecisionTree.cc">
      <Filter>Source Files\engine</Filter>
    </ClCompile>
    <ClCompile Include="..\src\engine\Engine.cc">
      <Filter>Source Files\engine</Filter>
    </ClCompile>
    <ClCompile Include="..\src\engine\Features.cc">
      <Filter>Source Files\engine</Filter>
    </ClCompile>
    <ClCompile Include="..\src\engine\Go.cc">
      <Filter>Source Files\engine</Filter>
    </ClCompile>
    <ClCompile Include="..\src\engine\Parameters.cc">
      <Filter>Source Files\engine</Filter>
    </ClCompile>
    <ClCompile Include="..\src\engine\Pattern.cc">
      <Filter>Source Files\engine</Filter>
    </ClCompile>
    <ClCompile Include="..\src\engine\Playout.cc">
      <Filter>Source Files\engine</Filter>
    </ClCompile>
    <ClCompile Include="..\src\engine\Random.cc">
      <Filter>Source Files\engine</Filter>
    </ClCompile>
    <ClCompile Include="..\src\engine\Time.cc">
      <Filter>Source Files\engine</Filter>
    </ClCompile>
    <ClCompile Include="..\src\engine\Tree.cc">
      <Filter>Source Files\engine</Filter>
    </ClCompile>
    <ClCompile Include="..\src\engine\Worker.cc">
      <Filter>Source Files\engine</Filter>
    </ClCompile>
    <ClCompile Include="..\src\gtp\Gtp.cc">
      <Filter>Source Files\gtp</Filter>
    </ClCompile>
  </ItemGroup>
  <ItemGroup>
    <ClInclude Include="..\src\build.h">
      <Filter>Header Files</Filter>
    </ClInclude>
    <ClInclude Include="..\src\config.h">
      <Filter>Header Files</Filter>
    </ClInclude>
    <ClInclude Include="..\src\Oakfoam.h">
      <Filter>Header Files</Filter>
    </ClInclude>
    <ClInclude Include="..\src\web\config.h">
      <Filter>Header Files\web</Filter>
    </ClInclude>
    <ClInclude Include="..\src\web\Web.h">
      <Filter>Header Files\web</Filter>
    </ClInclude>
    <ClInclude Include="..\src\engine\Benson.h">
      <Filter>Header Files\engine</Filter>
    </ClInclude>
    <ClInclude Include="..\src\engine\Book.h">
      <Filter>Header Files\engine</Filter>
    </ClInclude>
    <ClInclude Include="..\src\engine\config.h">
      <Filter>Header Files\engine</Filter>
    </ClInclude>
    <ClInclude Include="..\src\engine\DecisionTree.h">
      <Filter>Header Files\engine</Filter>
    </ClInclude>
    <ClInclude Include="..\src\engine\Engine.h">
      <Filter>Header Files\engine</Filter>
    </ClInclude>
    <ClInclude Include="..\src\engine\Features.h">
      <Filter>Header Files\engine</Filter>
    </ClInclude>
    <ClInclude Include="..\src\engine\Go.h">
      <Filter>Header Files\engine</Filter>
    </ClInclude>
    <ClInclude Include="..\src\engine\Parameters.h">
      <Filter>Header Files\engine</Filter>
    </ClInclude>
    <ClInclude Include="..\src\engine\Pattern.h">
      <Filter>Header Files\engine</Filter>
    </ClInclude>
    <ClInclude Include="..\src\engine\Playout.h">
      <Filter>Header Files\engine</Filter>
    </ClInclude>
    <ClInclude Include="..\src\engine\Random.h">
      <Filter>Header Files\engine</Filter>
    </ClInclude>
    <ClInclude Include="..\src\engine\Time.h">
      <Filter>Header Files\engine</Filter>
    </ClInclude>
    <ClInclude Include="..\src\engine\Tree.h">
      <Filter>Header Files\engine</Filter>
    </ClInclude>
    <ClInclude Include="..\src\engine\Worker.h">
      <Filter>Header Files\engine</Filter>
    </ClInclude>
    <ClInclude Include="..\src\gtp\config.h">
      <Filter>Header Files\gtp</Filter>
    </ClInclude>
    <ClInclude Include="..\src\gtp\Gtp.h">
      <Filter>Header Files\gtp</Filter>
    </ClInclude>
  </ItemGroup>
</Project>